// !$*UTF8*$!
{
	archiveVersion = 1;
	classes = {
	};
	objectVersion = 46;
	objects = {

/* Begin PBXBuildFile section */
		08F03BF11B4FF90B00CAA7D8 /* BaiduMapAPI.framework in Frameworks */ = {isa = PBXBuildFile; fileRef = 08F03BF01B4FF90B00CAA7D8 /* BaiduMapAPI.framework */; };
		A0596DBC1B3A6447008AD558 /* KDExpertDetailViewController.m in Sources */ = {isa = PBXBuildFile; fileRef = A0596DBB1B3A6447008AD558 /* KDExpertDetailViewController.m */; };
		A0596DC01B3A64F9008AD558 /* KDHeader.m in Sources */ = {isa = PBXBuildFile; fileRef = A0596DBE1B3A64F9008AD558 /* KDHeader.m */; };
		A0596DC11B3A64F9008AD558 /* KDHeader.xib in Resources */ = {isa = PBXBuildFile; fileRef = A0596DBF1B3A64F9008AD558 /* KDHeader.xib */; };
		A0596DC41B3A651C008AD558 /* KDTopicDetailViewController.m in Sources */ = {isa = PBXBuildFile; fileRef = A0596DC31B3A651C008AD558 /* KDTopicDetailViewController.m */; };
		A0596DC71B3A6537008AD558 /* KDExpertCommentTableViewController.m in Sources */ = {isa = PBXBuildFile; fileRef = A0596DC61B3A6537008AD558 /* KDExpertCommentTableViewController.m */; };
		A0596DCA1B3A6560008AD558 /* KDExpertList.m in Sources */ = {isa = PBXBuildFile; fileRef = A0596DC91B3A6560008AD558 /* KDExpertList.m */; };
		A0596DCD1B3A7C5B008AD558 /* KDExpertIntroViewController.m in Sources */ = {isa = PBXBuildFile; fileRef = A0596DCC1B3A7C5B008AD558 /* KDExpertIntroViewController.m */; };
		A0596DCF1B3A831F008AD558 /* KDExpertIntroHeader.xib in Resources */ = {isa = PBXBuildFile; fileRef = A0596DCE1B3A831F008AD558 /* KDExpertIntroHeader.xib */; };
		A0596DD21B3A8344008AD558 /* KDExpertIntroHeader.m in Sources */ = {isa = PBXBuildFile; fileRef = A0596DD11B3A8344008AD558 /* KDExpertIntroHeader.m */; };
		A0596DD61B3A8B56008AD558 /* KDExpertJobCell.m in Sources */ = {isa = PBXBuildFile; fileRef = A0596DD41B3A8B56008AD558 /* KDExpertJobCell.m */; };
		A0596DD71B3A8B56008AD558 /* KDExpertJobCell.xib in Resources */ = {isa = PBXBuildFile; fileRef = A0596DD51B3A8B56008AD558 /* KDExpertJobCell.xib */; };
		A0596DDB1B3A8D3B008AD558 /* KDExpertEduCell.m in Sources */ = {isa = PBXBuildFile; fileRef = A0596DD91B3A8D3B008AD558 /* KDExpertEduCell.m */; };
		A0596DDC1B3A8D3B008AD558 /* KDExpertEduCell.xib in Resources */ = {isa = PBXBuildFile; fileRef = A0596DDA1B3A8D3B008AD558 /* KDExpertEduCell.xib */; };
		A0596DE01B3AA4F3008AD558 /* KDReserveController.m in Sources */ = {isa = PBXBuildFile; fileRef = A0596DDF1B3AA4F3008AD558 /* KDReserveController.m */; };
		A08C32431B4135980049D6A0 /* KDReserveInfoViewController.m in Sources */ = {isa = PBXBuildFile; fileRef = A08C32421B4135980049D6A0 /* KDReserveInfoViewController.m */; };
		A08C32461B4138650049D6A0 /* KDReservePayController.m in Sources */ = {isa = PBXBuildFile; fileRef = A08C32451B4138650049D6A0 /* KDReservePayController.m */; };
		A08C32491B4143DB0049D6A0 /* UIPopoverListView.m in Sources */ = {isa = PBXBuildFile; fileRef = A08C32481B4143DB0049D6A0 /* UIPopoverListView.m */; };
		A08E7D111B4390DD001899B3 /* iconfont-iconfontleft.png in Resources */ = {isa = PBXBuildFile; fileRef = A08E7D101B4390DD001899B3 /* iconfont-iconfontleft.png */; };
		A08E7D141B43D851001899B3 /* KDSearchExpertViewController.m in Sources */ = {isa = PBXBuildFile; fileRef = A08E7D131B43D851001899B3 /* KDSearchExpertViewController.m */; };
		A0AC8FBC1B4CFA3A00814F1A /* KDSecondTableViewCell.m in Sources */ = {isa = PBXBuildFile; fileRef = A0AC8FBA1B4CFA3A00814F1A /* KDSecondTableViewCell.m */; };
		A0AC8FBD1B4CFA3A00814F1A /* KDSecondTableViewCell.xib in Resources */ = {isa = PBXBuildFile; fileRef = A0AC8FBB1B4CFA3A00814F1A /* KDSecondTableViewCell.xib */; };
		A0AC8FC31B4D093200814F1A /* KDDisTopic.m in Sources */ = {isa = PBXBuildFile; fileRef = A0AC8FC21B4D093200814F1A /* KDDisTopic.m */; };
		A0B1C5FC1B4268D300D67465 /* iconfont-zhuanjiaku.png in Resources */ = {isa = PBXBuildFile; fileRef = A0B1C5FB1B4268D300D67465 /* iconfont-zhuanjiaku.png */; };
		A0B1C6071B428CE900D67465 /* OpenGLES.framework in Frameworks */ = {isa = PBXBuildFile; fileRef = A0B1C6061B428CE900D67465 /* OpenGLES.framework */; };
		A0B1C6091B428D0B00D67465 /* Security.framework in Frameworks */ = {isa = PBXBuildFile; fileRef = A0B1C6081B428D0B00D67465 /* Security.framework */; };
		A0B1C6131B42AD0300D67465 /* KDMapView.m in Sources */ = {isa = PBXBuildFile; fileRef = A0B1C6121B42AD0300D67465 /* KDMapView.m */; };
		A0D328171B4A315400129DD0 /* KDMyReserve.m in Sources */ = {isa = PBXBuildFile; fileRef = A0D328161B4A315400129DD0 /* KDMyReserve.m */; };
		A0D3281E1B4A6AB200129DD0 /* KDReserveDetailViewController.m in Sources */ = {isa = PBXBuildFile; fileRef = A0D3281C1B4A6AB200129DD0 /* KDReserveDetailViewController.m */; };
		A0D3281F1B4A6AB200129DD0 /* KDReserveDetailViewController.xib in Resources */ = {isa = PBXBuildFile; fileRef = A0D3281D1B4A6AB200129DD0 /* KDReserveDetailViewController.xib */; };
		A0D557C61B462B1D00C3133F /* KDHandle.m in Sources */ = {isa = PBXBuildFile; fileRef = A0D557C51B462B1D00C3133F /* KDHandle.m */; };
		A0D557C91B46658500C3133F /* KDRootViewController.m in Sources */ = {isa = PBXBuildFile; fileRef = A0D557C81B46658500C3133F /* KDRootViewController.m */; };
		A0D557CB1B4668DB00C3133F /* iconfont-faxian.png in Resources */ = {isa = PBXBuildFile; fileRef = A0D557CA1B4668DB00C3133F /* iconfont-faxian.png */; };
		A0DEE09B1B450A8B00CF3004 /* KDTimePickView.m in Sources */ = {isa = PBXBuildFile; fileRef = A0DEE09A1B450A8B00CF3004 /* KDTimePickView.m */; };
		A0DEE09E1B45356200CF3004 /* KDMyReserveTableViewController.m in Sources */ = {isa = PBXBuildFile; fileRef = A0DEE09D1B45356200CF3004 /* KDMyReserveTableViewController.m */; };
		A0DEE0A21B45383D00CF3004 /* KDMyReserveCell.m in Sources */ = {isa = PBXBuildFile; fileRef = A0DEE0A01B45383D00CF3004 /* KDMyReserveCell.m */; };
		A0DEE0A31B45383D00CF3004 /* KDMyReserveCell.xib in Resources */ = {isa = PBXBuildFile; fileRef = A0DEE0A11B45383D00CF3004 /* KDMyReserveCell.xib */; };
		A0EBC7C41B4B79F100D75C1C /* KDCancleReserveController.m in Sources */ = {isa = PBXBuildFile; fileRef = A0EBC7C31B4B79F100D75C1C /* KDCancleReserveController.m */; };
		A0EBC7C71B4B7CEA00D75C1C /* KDListenViewController.m in Sources */ = {isa = PBXBuildFile; fileRef = A0EBC7C61B4B7CEA00D75C1C /* KDListenViewController.m */; };
		A0EFAF241B3BB2DE000F612C /* KDReserveTimeViewController.m in Sources */ = {isa = PBXBuildFile; fileRef = A0EFAF231B3BB2DE000F612C /* KDReserveTimeViewController.m */; };
		A0EFAF271B3BE0A0000F612C /* KDExpertJob.m in Sources */ = {isa = PBXBuildFile; fileRef = A0EFAF261B3BE0A0000F612C /* KDExpertJob.m */; };
		A0EFAF2A1B3BE147000F612C /* KDExpertEdu.m in Sources */ = {isa = PBXBuildFile; fileRef = A0EFAF291B3BE147000F612C /* KDExpertEdu.m */; };
		A0FC56121B3CFECD00580677 /* CoreGraphics.framework in Frameworks */ = {isa = PBXBuildFile; fileRef = A0FC56111B3CFECD00580677 /* CoreGraphics.framework */; };
		C7122D031B40EFC1001F53A1 /* KDTexpertList.m in Sources */ = {isa = PBXBuildFile; fileRef = C7122D021B40EFC1001F53A1 /* KDTexpertList.m */; };
		C7122D081B424BDA001F53A1 /* KDListModel.m in Sources */ = {isa = PBXBuildFile; fileRef = C7122D071B424BDA001F53A1 /* KDListModel.m */; };
		C7122D0E1B42B056001F53A1 /* UITableViewCell+textHeight.m in Sources */ = {isa = PBXBuildFile; fileRef = C7122D0D1B42B056001F53A1 /* UITableViewCell+textHeight.m */; };
		C7122D101B42B761001F53A1 /* mapapi.bundle in Resources */ = {isa = PBXBuildFile; fileRef = C7122D0F1B42B761001F53A1 /* mapapi.bundle */; };
		C7249D621B33C46E009C448C /* Images.xcassets in Resources */ = {isa = PBXBuildFile; fileRef = C7249D611B33C46E009C448C /* Images.xcassets */; };
		C7249D711B33C46E009C448C /* ____Tests.m in Sources */ = {isa = PBXBuildFile; fileRef = C7249D701B33C46E009C448C /* ____Tests.m */; };
		C7249D9C1B33C552009C448C /* KDBaseNavigationController.m in Sources */ = {isa = PBXBuildFile; fileRef = C7249D901B33C552009C448C /* KDBaseNavigationController.m */; };
		C7249D9D1B33C552009C448C /* KDConst.m in Sources */ = {isa = PBXBuildFile; fileRef = C7249D921B33C552009C448C /* KDConst.m */; };
		C7249DA51B33C7B9009C448C /* AppDelegate.mm in Sources */ = {isa = PBXBuildFile; fileRef = C7249DA31B33C7B9009C448C /* AppDelegate.mm */; };
		C7249DA61B33C7B9009C448C /* main.m in Sources */ = {isa = PBXBuildFile; fileRef = C7249DA41B33C7B9009C448C /* main.m */; };
		C7249DB81B33E70C009C448C /* LeftViewController.m in Sources */ = {isa = PBXBuildFile; fileRef = C7249DB71B33E70C009C448C /* LeftViewController.m */; };
		C7249DC01B33ED77009C448C /* KDDiscoverTableViewController.m in Sources */ = {isa = PBXBuildFile; fileRef = C7249DBC1B33ED77009C448C /* KDDiscoverTableViewController.m */; };
		C7249DC21B33ED77009C448C /* KDListingViewController.m in Sources */ = {isa = PBXBuildFile; fileRef = C7249DBF1B33ED77009C448C /* KDListingViewController.m */; };
		C7249DCE1B33ED8A009C448C /* KDExpertPicAndName.m in Sources */ = {isa = PBXBuildFile; fileRef = C7249DC41B33ED8A009C448C /* KDExpertPicAndName.m */; };
		C7249DCF1B33ED8A009C448C /* KDFirstTableViewCell.m in Sources */ = {isa = PBXBuildFile; fileRef = C7249DC61B33ED8A009C448C /* KDFirstTableViewCell.m */; };
		C7249DD01B33ED8A009C448C /* KDFirstTableViewCell.xib in Resources */ = {isa = PBXBuildFile; fileRef = C7249DC71B33ED8A009C448C /* KDFirstTableViewCell.xib */; };
		C7249DD11B33ED8A009C448C /* KDListingCell.m in Sources */ = {isa = PBXBuildFile; fileRef = C7249DC91B33ED8A009C448C /* KDListingCell.m */; };
		C7249DD21B33ED8A009C448C /* KDListingHeadView.m in Sources */ = {isa = PBXBuildFile; fileRef = C7249DCB1B33ED8A009C448C /* KDListingHeadView.m */; };
		C7249DD31B33ED8A009C448C /* KDProfessorView.m in Sources */ = {isa = PBXBuildFile; fileRef = C7249DCD1B33ED8A009C448C /* KDProfessorView.m */; };
		C7249DD71B33ED9C009C448C /* KDExpertViewController.m in Sources */ = {isa = PBXBuildFile; fileRef = C7249DD51B33ED9C009C448C /* KDExpertViewController.m */; };
		C7249DDB1B33EE19009C448C /* KDExpertMapViewController.mm in Sources */ = {isa = PBXBuildFile; fileRef = C7249DDA1B33EE19009C448C /* KDExpertMapViewController.mm */; };
		C7249DE11B33EF1F009C448C /* QuartzCore.framework in Frameworks */ = {isa = PBXBuildFile; fileRef = C7249DE01B33EF1F009C448C /* QuartzCore.framework */; };
		C7249DE31B33EF28009C448C /* CoreLocation.framework in Frameworks */ = {isa = PBXBuildFile; fileRef = C7249DE21B33EF28009C448C /* CoreLocation.framework */; };
		C7249DE51B33EF35009C448C /* SystemConfiguration.framework in Frameworks */ = {isa = PBXBuildFile; fileRef = C7249DE41B33EF35009C448C /* SystemConfiguration.framework */; };
		C769D0FB1B4A216800976F69 /* KDExpertsViewController.m in Sources */ = {isa = PBXBuildFile; fileRef = C769D0FA1B4A216800976F69 /* KDExpertsViewController.m */; };
		C769D0FE1B4B772E00976F69 /* UIBarButtonItem+Extension.m in Sources */ = {isa = PBXBuildFile; fileRef = C769D0FD1B4B772E00976F69 /* UIBarButtonItem+Extension.m */; };
		C769D1011B4B77F800976F69 /* UIView+Extension.m in Sources */ = {isa = PBXBuildFile; fileRef = C769D1001B4B77F800976F69 /* UIView+Extension.m */; };
		C769D1031B4BB62D00976F69 /* KDExpertPicAndName.xib in Resources */ = {isa = PBXBuildFile; fileRef = C769D1021B4BB62D00976F69 /* KDExpertPicAndName.xib */; };
		C769D1061B4BCAB800976F69 /* KDTool.m in Sources */ = {isa = PBXBuildFile; fileRef = C769D1051B4BCAB800976F69 /* KDTool.m */; };
		C769D1081B4CFF4400976F69 /* KDListingHeadView.xib in Resources */ = {isa = PBXBuildFile; fileRef = C769D1071B4CFF4400976F69 /* KDListingHeadView.xib */; };
		C769D10C1B4D1A1C00976F69 /* KDListingCell.xib in Resources */ = {isa = PBXBuildFile; fileRef = C769D10B1B4D1A1C00976F69 /* KDListingCell.xib */; };
		C78811171B3ABD1D00813D65 /* KDExpertTeamTableViewController.m in Sources */ = {isa = PBXBuildFile; fileRef = C78811161B3ABD1D00813D65 /* KDExpertTeamTableViewController.m */; };
		C78811191B3B9EEA00813D65 /* KDExpertHeaderView.xib in Resources */ = {isa = PBXBuildFile; fileRef = C78811181B3B9EEA00813D65 /* KDExpertHeaderView.xib */; };
		C788111D1B3BA2E700813D65 /* KDExpertTeamTableViewCell.m in Sources */ = {isa = PBXBuildFile; fileRef = C788111B1B3BA2E700813D65 /* KDExpertTeamTableViewCell.m */; };
		C78811221B3BA32F00813D65 /* KDExpertTDetailTableViewCell.m in Sources */ = {isa = PBXBuildFile; fileRef = C78811201B3BA32F00813D65 /* KDExpertTDetailTableViewCell.m */; };
		C78811251B3BABBD00813D65 /* KDExpertTDetailTableViewCell.xib in Resources */ = {isa = PBXBuildFile; fileRef = C78811241B3BABBD00813D65 /* KDExpertTDetailTableViewCell.xib */; };
		C78811271B3BABCC00813D65 /* KDExpertTeamTableViewCell.xib in Resources */ = {isa = PBXBuildFile; fileRef = C78811261B3BABCC00813D65 /* KDExpertTeamTableViewCell.xib */; };
		C788112A1B3BF89300813D65 /* KDExpertHeaderView.m in Sources */ = {isa = PBXBuildFile; fileRef = C78811291B3BF89300813D65 /* KDExpertHeaderView.m */; };
		C788112C1B3C05E000813D65 /* SectionHeaderView.xib in Resources */ = {isa = PBXBuildFile; fileRef = C788112B1B3C05E000813D65 /* SectionHeaderView.xib */; };
		C788112F1B3C05F300813D65 /* KDSectionHeaderView.m in Sources */ = {isa = PBXBuildFile; fileRef = C788112E1B3C05F300813D65 /* KDSectionHeaderView.m */; };
		C78811321B3C133E00813D65 /* KDExpertsTableViewController.m in Sources */ = {isa = PBXBuildFile; fileRef = C78811311B3C133E00813D65 /* KDExpertsTableViewController.m */; };
		C78811351B3D3F5C00813D65 /* KDExpertTeam.m in Sources */ = {isa = PBXBuildFile; fileRef = C78811341B3D3F5C00813D65 /* KDExpertTeam.m */; };
		C78811381B3D41D800813D65 /* KDTopicScroll.m in Sources */ = {isa = PBXBuildFile; fileRef = C78811371B3D41D800813D65 /* KDTopicScroll.m */; };
		C7A03E0E1B3A58C200FC8F6A /* KDExpertCommentCell.m in Sources */ = {isa = PBXBuildFile; fileRef = C7A03E061B3A58C200FC8F6A /* KDExpertCommentCell.m */; };
		C7A03E0F1B3A58C200FC8F6A /* KDExpertCommentCell.xib in Resources */ = {isa = PBXBuildFile; fileRef = C7A03E071B3A58C200FC8F6A /* KDExpertCommentCell.xib */; };
		C7A03E101B3A58C200FC8F6A /* KDExpertIntroCell.m in Sources */ = {isa = PBXBuildFile; fileRef = C7A03E091B3A58C200FC8F6A /* KDExpertIntroCell.m */; };
		C7A03E111B3A58C200FC8F6A /* KDExpertIntroCell.xib in Resources */ = {isa = PBXBuildFile; fileRef = C7A03E0A1B3A58C200FC8F6A /* KDExpertIntroCell.xib */; };
		C7A03E121B3A58C200FC8F6A /* KDExpertTopicCell.m in Sources */ = {isa = PBXBuildFile; fileRef = C7A03E0C1B3A58C200FC8F6A /* KDExpertTopicCell.m */; };
		C7A03E131B3A58C200FC8F6A /* KDExpertTopicCell.xib in Resources */ = {isa = PBXBuildFile; fileRef = C7A03E0D1B3A58C200FC8F6A /* KDExpertTopicCell.xib */; };
		C7A03E181B3A58CB00FC8F6A /* KDExpertComment.m in Sources */ = {isa = PBXBuildFile; fileRef = C7A03E151B3A58CB00FC8F6A /* KDExpertComment.m */; };
		C7A03E191B3A58CB00FC8F6A /* KDExpertTopic.m in Sources */ = {isa = PBXBuildFile; fileRef = C7A03E171B3A58CB00FC8F6A /* KDExpertTopic.m */; };
		C7A03E201B3A613200FC8F6A /* KDExpertListCell.m in Sources */ = {isa = PBXBuildFile; fileRef = C7A03E1E1B3A613200FC8F6A /* KDExpertListCell.m */; };
		C7A03E211B3A613200FC8F6A /* KDExpertListCell.xib in Resources */ = {isa = PBXBuildFile; fileRef = C7A03E1F1B3A613200FC8F6A /* KDExpertListCell.xib */; };
		C7CA87E51B390426002C167F /* KDLeftHeadTableViewCell.m in Sources */ = {isa = PBXBuildFile; fileRef = C7CA87E31B390426002C167F /* KDLeftHeadTableViewCell.m */; };
		C7CA87E61B390426002C167F /* KDLeftHeadTableViewCell.xib in Resources */ = {isa = PBXBuildFile; fileRef = C7CA87E41B390426002C167F /* KDLeftHeadTableViewCell.xib */; };
		C7CA87EA1B39075E002C167F /* KDLeftSwitchTableViewCell.m in Sources */ = {isa = PBXBuildFile; fileRef = C7CA87E81B39075E002C167F /* KDLeftSwitchTableViewCell.m */; };
		C7CA87EB1B39075E002C167F /* KDLeftSwitchTableViewCell.xib in Resources */ = {isa = PBXBuildFile; fileRef = C7CA87E91B39075E002C167F /* KDLeftSwitchTableViewCell.xib */; };
		C7CA87F01B393468002C167F /* KDExpertListTableViewController.m in Sources */ = {isa = PBXBuildFile; fileRef = C7CA87EF1B393468002C167F /* KDExpertListTableViewController.m */; };
		E828E50393AA8D6697C89573 /* libPods.a in Frameworks */ = {isa = PBXBuildFile; fileRef = 532417BE14BA7656F678F002 /* libPods.a */; settings = {ATTRIBUTES = (Required, ); }; };
/* End PBXBuildFile section */

/* Begin PBXContainerItemProxy section */
		C7249D6B1B33C46E009C448C /* PBXContainerItemProxy */ = {
			isa = PBXContainerItemProxy;
			containerPortal = C7249D491B33C46E009C448C /* Project object */;
			proxyType = 1;
			remoteGlobalIDString = C7249D501B33C46E009C448C;
			remoteInfo = "口袋专家";
		};
/* End PBXContainerItemProxy section */

/* Begin PBXFileReference section */
		08F03BF01B4FF90B00CAA7D8 /* BaiduMapAPI.framework */ = {isa = PBXFileReference; lastKnownFileType = wrapper.framework; name = BaiduMapAPI.framework; path = ../../BaiduMapAPI.framework; sourceTree = "<group>"; };
		532417BE14BA7656F678F002 /* libPods.a */ = {isa = PBXFileReference; explicitFileType = archive.ar; includeInIndex = 0; path = libPods.a; sourceTree = BUILT_PRODUCTS_DIR; };
		A0596DBA1B3A6447008AD558 /* KDExpertDetailViewController.h */ = {isa = PBXFileReference; fileEncoding = 4; lastKnownFileType = sourcecode.c.h; path = KDExpertDetailViewController.h; sourceTree = "<group>"; };
		A0596DBB1B3A6447008AD558 /* KDExpertDetailViewController.m */ = {isa = PBXFileReference; fileEncoding = 4; lastKnownFileType = sourcecode.c.objc; path = KDExpertDetailViewController.m; sourceTree = "<group>"; };
		A0596DBD1B3A64F9008AD558 /* KDHeader.h */ = {isa = PBXFileReference; fileEncoding = 4; lastKnownFileType = sourcecode.c.h; path = KDHeader.h; sourceTree = "<group>"; };
		A0596DBE1B3A64F9008AD558 /* KDHeader.m */ = {isa = PBXFileReference; fileEncoding = 4; lastKnownFileType = sourcecode.c.objc; path = KDHeader.m; sourceTree = "<group>"; };
		A0596DBF1B3A64F9008AD558 /* KDHeader.xib */ = {isa = PBXFileReference; fileEncoding = 4; lastKnownFileType = file.xib; path = KDHeader.xib; sourceTree = "<group>"; };
		A0596DC21B3A651C008AD558 /* KDTopicDetailViewController.h */ = {isa = PBXFileReference; fileEncoding = 4; lastKnownFileType = sourcecode.c.h; path = KDTopicDetailViewController.h; sourceTree = "<group>"; };
		A0596DC31B3A651C008AD558 /* KDTopicDetailViewController.m */ = {isa = PBXFileReference; fileEncoding = 4; lastKnownFileType = sourcecode.c.objc; path = KDTopicDetailViewController.m; sourceTree = "<group>"; };
		A0596DC51B3A6537008AD558 /* KDExpertCommentTableViewController.h */ = {isa = PBXFileReference; fileEncoding = 4; lastKnownFileType = sourcecode.c.h; path = KDExpertCommentTableViewController.h; sourceTree = "<group>"; };
		A0596DC61B3A6537008AD558 /* KDExpertCommentTableViewController.m */ = {isa = PBXFileReference; fileEncoding = 4; lastKnownFileType = sourcecode.c.objc; path = KDExpertCommentTableViewController.m; sourceTree = "<group>"; };
		A0596DC81B3A6560008AD558 /* KDExpertList.h */ = {isa = PBXFileReference; fileEncoding = 4; lastKnownFileType = sourcecode.c.h; path = KDExpertList.h; sourceTree = "<group>"; };
		A0596DC91B3A6560008AD558 /* KDExpertList.m */ = {isa = PBXFileReference; fileEncoding = 4; lastKnownFileType = sourcecode.c.objc; path = KDExpertList.m; sourceTree = "<group>"; };
		A0596DCB1B3A7C5B008AD558 /* KDExpertIntroViewController.h */ = {isa = PBXFileReference; fileEncoding = 4; lastKnownFileType = sourcecode.c.h; path = KDExpertIntroViewController.h; sourceTree = "<group>"; };
		A0596DCC1B3A7C5B008AD558 /* KDExpertIntroViewController.m */ = {isa = PBXFileReference; fileEncoding = 4; lastKnownFileType = sourcecode.c.objc; path = KDExpertIntroViewController.m; sourceTree = "<group>"; };
		A0596DCE1B3A831F008AD558 /* KDExpertIntroHeader.xib */ = {isa = PBXFileReference; fileEncoding = 4; lastKnownFileType = file.xib; path = KDExpertIntroHeader.xib; sourceTree = "<group>"; };
		A0596DD01B3A8344008AD558 /* KDExpertIntroHeader.h */ = {isa = PBXFileReference; fileEncoding = 4; lastKnownFileType = sourcecode.c.h; path = KDExpertIntroHeader.h; sourceTree = "<group>"; };
		A0596DD11B3A8344008AD558 /* KDExpertIntroHeader.m */ = {isa = PBXFileReference; fileEncoding = 4; lastKnownFileType = sourcecode.c.objc; path = KDExpertIntroHeader.m; sourceTree = "<group>"; };
		A0596DD31B3A8B56008AD558 /* KDExpertJobCell.h */ = {isa = PBXFileReference; fileEncoding = 4; lastKnownFileType = sourcecode.c.h; path = KDExpertJobCell.h; sourceTree = "<group>"; };
		A0596DD41B3A8B56008AD558 /* KDExpertJobCell.m */ = {isa = PBXFileReference; fileEncoding = 4; lastKnownFileType = sourcecode.c.objc; path = KDExpertJobCell.m; sourceTree = "<group>"; };
		A0596DD51B3A8B56008AD558 /* KDExpertJobCell.xib */ = {isa = PBXFileReference; fileEncoding = 4; lastKnownFileType = file.xib; path = KDExpertJobCell.xib; sourceTree = "<group>"; };
		A0596DD81B3A8D3B008AD558 /* KDExpertEduCell.h */ = {isa = PBXFileReference; fileEncoding = 4; lastKnownFileType = sourcecode.c.h; path = KDExpertEduCell.h; sourceTree = "<group>"; };
		A0596DD91B3A8D3B008AD558 /* KDExpertEduCell.m */ = {isa = PBXFileReference; fileEncoding = 4; lastKnownFileType = sourcecode.c.objc; path = KDExpertEduCell.m; sourceTree = "<group>"; };
		A0596DDA1B3A8D3B008AD558 /* KDExpertEduCell.xib */ = {isa = PBXFileReference; fileEncoding = 4; lastKnownFileType = file.xib; path = KDExpertEduCell.xib; sourceTree = "<group>"; };
		A0596DDE1B3AA4F3008AD558 /* KDReserveController.h */ = {isa = PBXFileReference; fileEncoding = 4; lastKnownFileType = sourcecode.c.h; path = KDReserveController.h; sourceTree = "<group>"; };
		A0596DDF1B3AA4F3008AD558 /* KDReserveController.m */ = {isa = PBXFileReference; fileEncoding = 4; lastKnownFileType = sourcecode.c.objc; path = KDReserveController.m; sourceTree = "<group>"; };
		A08C32411B4135980049D6A0 /* KDReserveInfoViewController.h */ = {isa = PBXFileReference; fileEncoding = 4; lastKnownFileType = sourcecode.c.h; path = KDReserveInfoViewController.h; sourceTree = "<group>"; };
		A08C32421B4135980049D6A0 /* KDReserveInfoViewController.m */ = {isa = PBXFileReference; fileEncoding = 4; lastKnownFileType = sourcecode.c.objc; path = KDReserveInfoViewController.m; sourceTree = "<group>"; };
		A08C32441B4138650049D6A0 /* KDReservePayController.h */ = {isa = PBXFileReference; fileEncoding = 4; lastKnownFileType = sourcecode.c.h; path = KDReservePayController.h; sourceTree = "<group>"; };
		A08C32451B4138650049D6A0 /* KDReservePayController.m */ = {isa = PBXFileReference; fileEncoding = 4; lastKnownFileType = sourcecode.c.objc; path = KDReservePayController.m; sourceTree = "<group>"; };
		A08C32471B4143DB0049D6A0 /* UIPopoverListView.h */ = {isa = PBXFileReference; fileEncoding = 4; lastKnownFileType = sourcecode.c.h; path = UIPopoverListView.h; sourceTree = "<group>"; };
		A08C32481B4143DB0049D6A0 /* UIPopoverListView.m */ = {isa = PBXFileReference; fileEncoding = 4; lastKnownFileType = sourcecode.c.objc; path = UIPopoverListView.m; sourceTree = "<group>"; };
		A08E7D101B4390DD001899B3 /* iconfont-iconfontleft.png */ = {isa = PBXFileReference; lastKnownFileType = image.png; path = "iconfont-iconfontleft.png"; sourceTree = "<group>"; };
		A08E7D121B43D851001899B3 /* KDSearchExpertViewController.h */ = {isa = PBXFileReference; fileEncoding = 4; lastKnownFileType = sourcecode.c.h; path = KDSearchExpertViewController.h; sourceTree = "<group>"; };
		A08E7D131B43D851001899B3 /* KDSearchExpertViewController.m */ = {isa = PBXFileReference; fileEncoding = 4; lastKnownFileType = sourcecode.c.objc; path = KDSearchExpertViewController.m; sourceTree = "<group>"; };
		A0AC8FB91B4CFA3A00814F1A /* KDSecondTableViewCell.h */ = {isa = PBXFileReference; fileEncoding = 4; lastKnownFileType = sourcecode.c.h; path = KDSecondTableViewCell.h; sourceTree = "<group>"; };
		A0AC8FBA1B4CFA3A00814F1A /* KDSecondTableViewCell.m */ = {isa = PBXFileReference; fileEncoding = 4; lastKnownFileType = sourcecode.c.objc; path = KDSecondTableViewCell.m; sourceTree = "<group>"; };
		A0AC8FBB1B4CFA3A00814F1A /* KDSecondTableViewCell.xib */ = {isa = PBXFileReference; fileEncoding = 4; lastKnownFileType = file.xib; path = KDSecondTableViewCell.xib; sourceTree = "<group>"; };
		A0AC8FC11B4D093200814F1A /* KDDisTopic.h */ = {isa = PBXFileReference; fileEncoding = 4; lastKnownFileType = sourcecode.c.h; path = KDDisTopic.h; sourceTree = "<group>"; };
		A0AC8FC21B4D093200814F1A /* KDDisTopic.m */ = {isa = PBXFileReference; fileEncoding = 4; lastKnownFileType = sourcecode.c.objc; path = KDDisTopic.m; sourceTree = "<group>"; };
		A0B1C5FB1B4268D300D67465 /* iconfont-zhuanjiaku.png */ = {isa = PBXFileReference; lastKnownFileType = image.png; path = "iconfont-zhuanjiaku.png"; sourceTree = "<group>"; };
		A0B1C6041B428BEC00D67465 /* BaiduMapAPI.framework */ = {isa = PBXFileReference; lastKnownFileType = wrapper.framework; name = BaiduMapAPI.framework; path = ../../../Downloads/BaiduMapAPI.framework; sourceTree = "<group>"; };
		A0B1C6061B428CE900D67465 /* OpenGLES.framework */ = {isa = PBXFileReference; lastKnownFileType = wrapper.framework; name = OpenGLES.framework; path = System/Library/Frameworks/OpenGLES.framework; sourceTree = SDKROOT; };
		A0B1C6081B428D0B00D67465 /* Security.framework */ = {isa = PBXFileReference; lastKnownFileType = wrapper.framework; name = Security.framework; path = System/Library/Frameworks/Security.framework; sourceTree = SDKROOT; };
		A0B1C6111B42AD0300D67465 /* KDMapView.h */ = {isa = PBXFileReference; fileEncoding = 4; lastKnownFileType = sourcecode.c.h; path = KDMapView.h; sourceTree = "<group>"; };
		A0B1C6121B42AD0300D67465 /* KDMapView.m */ = {isa = PBXFileReference; fileEncoding = 4; lastKnownFileType = sourcecode.c.objc; path = KDMapView.m; sourceTree = "<group>"; };
		A0D328151B4A315400129DD0 /* KDMyReserve.h */ = {isa = PBXFileReference; fileEncoding = 4; lastKnownFileType = sourcecode.c.h; path = KDMyReserve.h; sourceTree = "<group>"; };
		A0D328161B4A315400129DD0 /* KDMyReserve.m */ = {isa = PBXFileReference; fileEncoding = 4; lastKnownFileType = sourcecode.c.objc; path = KDMyReserve.m; sourceTree = "<group>"; };
		A0D3281B1B4A6AB200129DD0 /* KDReserveDetailViewController.h */ = {isa = PBXFileReference; fileEncoding = 4; lastKnownFileType = sourcecode.c.h; path = KDReserveDetailViewController.h; sourceTree = "<group>"; };
		A0D3281C1B4A6AB200129DD0 /* KDReserveDetailViewController.m */ = {isa = PBXFileReference; fileEncoding = 4; lastKnownFileType = sourcecode.c.objc; path = KDReserveDetailViewController.m; sourceTree = "<group>"; };
		A0D3281D1B4A6AB200129DD0 /* KDReserveDetailViewController.xib */ = {isa = PBXFileReference; fileEncoding = 4; lastKnownFileType = file.xib; path = KDReserveDetailViewController.xib; sourceTree = "<group>"; };
		A0D557C41B462B1D00C3133F /* KDHandle.h */ = {isa = PBXFileReference; fileEncoding = 4; lastKnownFileType = sourcecode.c.h; path = KDHandle.h; sourceTree = "<group>"; };
		A0D557C51B462B1D00C3133F /* KDHandle.m */ = {isa = PBXFileReference; fileEncoding = 4; lastKnownFileType = sourcecode.c.objc; path = KDHandle.m; sourceTree = "<group>"; };
		A0D557C71B46658500C3133F /* KDRootViewController.h */ = {isa = PBXFileReference; fileEncoding = 4; lastKnownFileType = sourcecode.c.h; path = KDRootViewController.h; sourceTree = "<group>"; };
		A0D557C81B46658500C3133F /* KDRootViewController.m */ = {isa = PBXFileReference; fileEncoding = 4; lastKnownFileType = sourcecode.c.objc; path = KDRootViewController.m; sourceTree = "<group>"; };
		A0D557CA1B4668DB00C3133F /* iconfont-faxian.png */ = {isa = PBXFileReference; lastKnownFileType = image.png; path = "iconfont-faxian.png"; sourceTree = "<group>"; };
		A0DEE0991B450A8B00CF3004 /* KDTimePickView.h */ = {isa = PBXFileReference; fileEncoding = 4; lastKnownFileType = sourcecode.c.h; path = KDTimePickView.h; sourceTree = "<group>"; };
		A0DEE09A1B450A8B00CF3004 /* KDTimePickView.m */ = {isa = PBXFileReference; fileEncoding = 4; lastKnownFileType = sourcecode.c.objc; path = KDTimePickView.m; sourceTree = "<group>"; };
		A0DEE09C1B45356200CF3004 /* KDMyReserveTableViewController.h */ = {isa = PBXFileReference; fileEncoding = 4; lastKnownFileType = sourcecode.c.h; path = KDMyReserveTableViewController.h; sourceTree = "<group>"; };
		A0DEE09D1B45356200CF3004 /* KDMyReserveTableViewController.m */ = {isa = PBXFileReference; fileEncoding = 4; lastKnownFileType = sourcecode.c.objc; path = KDMyReserveTableViewController.m; sourceTree = "<group>"; };
		A0DEE09F1B45383D00CF3004 /* KDMyReserveCell.h */ = {isa = PBXFileReference; fileEncoding = 4; lastKnownFileType = sourcecode.c.h; path = KDMyReserveCell.h; sourceTree = "<group>"; };
		A0DEE0A01B45383D00CF3004 /* KDMyReserveCell.m */ = {isa = PBXFileReference; fileEncoding = 4; lastKnownFileType = sourcecode.c.objc; path = KDMyReserveCell.m; sourceTree = "<group>"; };
		A0DEE0A11B45383D00CF3004 /* KDMyReserveCell.xib */ = {isa = PBXFileReference; fileEncoding = 4; lastKnownFileType = file.xib; path = KDMyReserveCell.xib; sourceTree = "<group>"; };
		A0EBC7C21B4B79F100D75C1C /* KDCancleReserveController.h */ = {isa = PBXFileReference; fileEncoding = 4; lastKnownFileType = sourcecode.c.h; path = KDCancleReserveController.h; sourceTree = "<group>"; };
		A0EBC7C31B4B79F100D75C1C /* KDCancleReserveController.m */ = {isa = PBXFileReference; fileEncoding = 4; lastKnownFileType = sourcecode.c.objc; path = KDCancleReserveController.m; sourceTree = "<group>"; };
		A0EBC7C51B4B7CEA00D75C1C /* KDListenViewController.h */ = {isa = PBXFileReference; fileEncoding = 4; lastKnownFileType = sourcecode.c.h; path = KDListenViewController.h; sourceTree = "<group>"; };
		A0EBC7C61B4B7CEA00D75C1C /* KDListenViewController.m */ = {isa = PBXFileReference; fileEncoding = 4; lastKnownFileType = sourcecode.c.objc; path = KDListenViewController.m; sourceTree = "<group>"; };
		A0EFAF221B3BB2DE000F612C /* KDReserveTimeViewController.h */ = {isa = PBXFileReference; fileEncoding = 4; lastKnownFileType = sourcecode.c.h; path = KDReserveTimeViewController.h; sourceTree = "<group>"; };
		A0EFAF231B3BB2DE000F612C /* KDReserveTimeViewController.m */ = {isa = PBXFileReference; fileEncoding = 4; lastKnownFileType = sourcecode.c.objc; path = KDReserveTimeViewController.m; sourceTree = "<group>"; };
		A0EFAF251B3BE0A0000F612C /* KDExpertJob.h */ = {isa = PBXFileReference; fileEncoding = 4; lastKnownFileType = sourcecode.c.h; path = KDExpertJob.h; sourceTree = "<group>"; };
		A0EFAF261B3BE0A0000F612C /* KDExpertJob.m */ = {isa = PBXFileReference; fileEncoding = 4; lastKnownFileType = sourcecode.c.objc; path = KDExpertJob.m; sourceTree = "<group>"; };
		A0EFAF281B3BE147000F612C /* KDExpertEdu.h */ = {isa = PBXFileReference; fileEncoding = 4; lastKnownFileType = sourcecode.c.h; path = KDExpertEdu.h; sourceTree = "<group>"; };
		A0EFAF291B3BE147000F612C /* KDExpertEdu.m */ = {isa = PBXFileReference; fileEncoding = 4; lastKnownFileType = sourcecode.c.objc; path = KDExpertEdu.m; sourceTree = "<group>"; };
		A0FC56111B3CFECD00580677 /* CoreGraphics.framework */ = {isa = PBXFileReference; lastKnownFileType = wrapper.framework; name = CoreGraphics.framework; path = System/Library/Frameworks/CoreGraphics.framework; sourceTree = SDKROOT; };
		C7122D011B40EFC1001F53A1 /* KDTexpertList.h */ = {isa = PBXFileReference; fileEncoding = 4; lastKnownFileType = sourcecode.c.h; path = KDTexpertList.h; sourceTree = "<group>"; };
		C7122D021B40EFC1001F53A1 /* KDTexpertList.m */ = {isa = PBXFileReference; fileEncoding = 4; lastKnownFileType = sourcecode.c.objc; path = KDTexpertList.m; sourceTree = "<group>"; };
		C7122D061B424BDA001F53A1 /* KDListModel.h */ = {isa = PBXFileReference; fileEncoding = 4; lastKnownFileType = sourcecode.c.h; path = KDListModel.h; sourceTree = "<group>"; };
		C7122D071B424BDA001F53A1 /* KDListModel.m */ = {isa = PBXFileReference; fileEncoding = 4; lastKnownFileType = sourcecode.c.objc; path = KDListModel.m; sourceTree = "<group>"; };
		C7122D0C1B42B056001F53A1 /* UITableViewCell+textHeight.h */ = {isa = PBXFileReference; fileEncoding = 4; lastKnownFileType = sourcecode.c.h; path = "UITableViewCell+textHeight.h"; sourceTree = "<group>"; };
		C7122D0D1B42B056001F53A1 /* UITableViewCell+textHeight.m */ = {isa = PBXFileReference; fileEncoding = 4; lastKnownFileType = sourcecode.c.objc; path = "UITableViewCell+textHeight.m"; sourceTree = "<group>"; };
		C7122D0F1B42B761001F53A1 /* mapapi.bundle */ = {isa = PBXFileReference; lastKnownFileType = "wrapper.plug-in"; path = mapapi.bundle; sourceTree = "<group>"; };
		C7249D511B33C46E009C448C /* 口袋专家.app */ = {isa = PBXFileReference; explicitFileType = wrapper.application; includeInIndex = 0; path = "口袋专家.app"; sourceTree = BUILT_PRODUCTS_DIR; };
		C7249D551B33C46E009C448C /* Info.plist */ = {isa = PBXFileReference; lastKnownFileType = text.plist.xml; path = Info.plist; sourceTree = "<group>"; };
		C7249D611B33C46E009C448C /* Images.xcassets */ = {isa = PBXFileReference; lastKnownFileType = folder.assetcatalog; path = Images.xcassets; sourceTree = "<group>"; };
		C7249D641B33C46E009C448C /* Base */ = {isa = PBXFileReference; lastKnownFileType = file.xib; name = Base; path = Base.lproj/LaunchScreen.xib; sourceTree = "<group>"; };
		C7249D6A1B33C46E009C448C /* 口袋专家Tests.xctest */ = {isa = PBXFileReference; explicitFileType = wrapper.cfbundle; includeInIndex = 0; path = "口袋专家Tests.xctest"; sourceTree = BUILT_PRODUCTS_DIR; };
		C7249D6F1B33C46E009C448C /* Info.plist */ = {isa = PBXFileReference; lastKnownFileType = text.plist.xml; path = Info.plist; sourceTree = "<group>"; };
		C7249D701B33C46E009C448C /* ____Tests.m */ = {isa = PBXFileReference; lastKnownFileType = sourcecode.c.objc; path = "____Tests.m"; sourceTree = "<group>"; };
		C7249D8F1B33C552009C448C /* KDBaseNavigationController.h */ = {isa = PBXFileReference; fileEncoding = 4; lastKnownFileType = sourcecode.c.h; path = KDBaseNavigationController.h; sourceTree = "<group>"; };
		C7249D901B33C552009C448C /* KDBaseNavigationController.m */ = {isa = PBXFileReference; fileEncoding = 4; lastKnownFileType = sourcecode.c.objc; path = KDBaseNavigationController.m; sourceTree = "<group>"; };
		C7249D911B33C552009C448C /* KDConst.h */ = {isa = PBXFileReference; fileEncoding = 4; lastKnownFileType = sourcecode.c.h; path = KDConst.h; sourceTree = "<group>"; };
		C7249D921B33C552009C448C /* KDConst.m */ = {isa = PBXFileReference; fileEncoding = 4; lastKnownFileType = sourcecode.c.objc; path = KDConst.m; sourceTree = "<group>"; };
		C7249DA21B33C7B9009C448C /* AppDelegate.h */ = {isa = PBXFileReference; fileEncoding = 4; lastKnownFileType = sourcecode.c.h; path = AppDelegate.h; sourceTree = "<group>"; };
		C7249DA31B33C7B9009C448C /* AppDelegate.mm */ = {isa = PBXFileReference; fileEncoding = 4; lastKnownFileType = sourcecode.cpp.objcpp; path = AppDelegate.mm; sourceTree = "<group>"; };
		C7249DA41B33C7B9009C448C /* main.m */ = {isa = PBXFileReference; fileEncoding = 4; lastKnownFileType = sourcecode.c.objc; path = main.m; sourceTree = "<group>"; };
		C7249DB61B33E70C009C448C /* LeftViewController.h */ = {isa = PBXFileReference; fileEncoding = 4; lastKnownFileType = sourcecode.c.h; path = LeftViewController.h; sourceTree = "<group>"; };
		C7249DB71B33E70C009C448C /* LeftViewController.m */ = {isa = PBXFileReference; fileEncoding = 4; lastKnownFileType = sourcecode.c.objc; path = LeftViewController.m; sourceTree = "<group>"; };
		C7249DBB1B33ED77009C448C /* KDDiscoverTableViewController.h */ = {isa = PBXFileReference; fileEncoding = 4; lastKnownFileType = sourcecode.c.h; path = KDDiscoverTableViewController.h; sourceTree = "<group>"; };
		C7249DBC1B33ED77009C448C /* KDDiscoverTableViewController.m */ = {isa = PBXFileReference; fileEncoding = 4; lastKnownFileType = sourcecode.c.objc; path = KDDiscoverTableViewController.m; sourceTree = "<group>"; };
		C7249DBE1B33ED77009C448C /* KDListingViewController.h */ = {isa = PBXFileReference; fileEncoding = 4; lastKnownFileType = sourcecode.c.h; path = KDListingViewController.h; sourceTree = "<group>"; };
		C7249DBF1B33ED77009C448C /* KDListingViewController.m */ = {isa = PBXFileReference; fileEncoding = 4; lastKnownFileType = sourcecode.c.objc; path = KDListingViewController.m; sourceTree = "<group>"; };
		C7249DC31B33ED8A009C448C /* KDExpertPicAndName.h */ = {isa = PBXFileReference; fileEncoding = 4; lastKnownFileType = sourcecode.c.h; path = KDExpertPicAndName.h; sourceTree = "<group>"; };
		C7249DC41B33ED8A009C448C /* KDExpertPicAndName.m */ = {isa = PBXFileReference; fileEncoding = 4; lastKnownFileType = sourcecode.c.objc; path = KDExpertPicAndName.m; sourceTree = "<group>"; };
		C7249DC51B33ED8A009C448C /* KDFirstTableViewCell.h */ = {isa = PBXFileReference; fileEncoding = 4; lastKnownFileType = sourcecode.c.h; path = KDFirstTableViewCell.h; sourceTree = "<group>"; };
		C7249DC61B33ED8A009C448C /* KDFirstTableViewCell.m */ = {isa = PBXFileReference; fileEncoding = 4; lastKnownFileType = sourcecode.c.objc; path = KDFirstTableViewCell.m; sourceTree = "<group>"; };
		C7249DC71B33ED8A009C448C /* KDFirstTableViewCell.xib */ = {isa = PBXFileReference; fileEncoding = 4; lastKnownFileType = file.xib; path = KDFirstTableViewCell.xib; sourceTree = "<group>"; };
		C7249DC81B33ED8A009C448C /* KDListingCell.h */ = {isa = PBXFileReference; fileEncoding = 4; lastKnownFileType = sourcecode.c.h; path = KDListingCell.h; sourceTree = "<group>"; };
		C7249DC91B33ED8A009C448C /* KDListingCell.m */ = {isa = PBXFileReference; fileEncoding = 4; lastKnownFileType = sourcecode.c.objc; path = KDListingCell.m; sourceTree = "<group>"; };
		C7249DCA1B33ED8A009C448C /* KDListingHeadView.h */ = {isa = PBXFileReference; fileEncoding = 4; lastKnownFileType = sourcecode.c.h; path = KDListingHeadView.h; sourceTree = "<group>"; };
		C7249DCB1B33ED8A009C448C /* KDListingHeadView.m */ = {isa = PBXFileReference; fileEncoding = 4; lastKnownFileType = sourcecode.c.objc; path = KDListingHeadView.m; sourceTree = "<group>"; };
		C7249DCC1B33ED8A009C448C /* KDProfessorView.h */ = {isa = PBXFileReference; fileEncoding = 4; lastKnownFileType = sourcecode.c.h; path = KDProfessorView.h; sourceTree = "<group>"; };
		C7249DCD1B33ED8A009C448C /* KDProfessorView.m */ = {isa = PBXFileReference; fileEncoding = 4; lastKnownFileType = sourcecode.c.objc; path = KDProfessorView.m; sourceTree = "<group>"; };
		C7249DD41B33ED9C009C448C /* KDExpertViewController.h */ = {isa = PBXFileReference; fileEncoding = 4; lastKnownFileType = sourcecode.c.h; path = KDExpertViewController.h; sourceTree = "<group>"; };
		C7249DD51B33ED9C009C448C /* KDExpertViewController.m */ = {isa = PBXFileReference; fileEncoding = 4; lastKnownFileType = sourcecode.c.objc; path = KDExpertViewController.m; sourceTree = "<group>"; };
		C7249DD91B33EE19009C448C /* KDExpertMapViewController.h */ = {isa = PBXFileReference; fileEncoding = 4; lastKnownFileType = sourcecode.c.h; path = KDExpertMapViewController.h; sourceTree = "<group>"; };
		C7249DDA1B33EE19009C448C /* KDExpertMapViewController.mm */ = {isa = PBXFileReference; fileEncoding = 4; lastKnownFileType = sourcecode.cpp.objcpp; path = KDExpertMapViewController.mm; sourceTree = "<group>"; };
		C7249DE01B33EF1F009C448C /* QuartzCore.framework */ = {isa = PBXFileReference; lastKnownFileType = wrapper.framework; name = QuartzCore.framework; path = System/Library/Frameworks/QuartzCore.framework; sourceTree = SDKROOT; };
		C7249DE21B33EF28009C448C /* CoreLocation.framework */ = {isa = PBXFileReference; lastKnownFileType = wrapper.framework; name = CoreLocation.framework; path = System/Library/Frameworks/CoreLocation.framework; sourceTree = SDKROOT; };
		C7249DE41B33EF35009C448C /* SystemConfiguration.framework */ = {isa = PBXFileReference; lastKnownFileType = wrapper.framework; name = SystemConfiguration.framework; path = System/Library/Frameworks/SystemConfiguration.framework; sourceTree = SDKROOT; };
		C769D0F91B4A216800976F69 /* KDExpertsViewController.h */ = {isa = PBXFileReference; fileEncoding = 4; lastKnownFileType = sourcecode.c.h; path = KDExpertsViewController.h; sourceTree = "<group>"; };
		C769D0FA1B4A216800976F69 /* KDExpertsViewController.m */ = {isa = PBXFileReference; fileEncoding = 4; lastKnownFileType = sourcecode.c.objc; path = KDExpertsViewController.m; sourceTree = "<group>"; };
		C769D0FC1B4B772E00976F69 /* UIBarButtonItem+Extension.h */ = {isa = PBXFileReference; fileEncoding = 4; lastKnownFileType = sourcecode.c.h; path = "UIBarButtonItem+Extension.h"; sourceTree = "<group>"; };
		C769D0FD1B4B772E00976F69 /* UIBarButtonItem+Extension.m */ = {isa = PBXFileReference; fileEncoding = 4; lastKnownFileType = sourcecode.c.objc; path = "UIBarButtonItem+Extension.m"; sourceTree = "<group>"; };
		C769D0FF1B4B77F800976F69 /* UIView+Extension.h */ = {isa = PBXFileReference; fileEncoding = 4; lastKnownFileType = sourcecode.c.h; path = "UIView+Extension.h"; sourceTree = "<group>"; };
		C769D1001B4B77F800976F69 /* UIView+Extension.m */ = {isa = PBXFileReference; fileEncoding = 4; lastKnownFileType = sourcecode.c.objc; path = "UIView+Extension.m"; sourceTree = "<group>"; };
		C769D1021B4BB62D00976F69 /* KDExpertPicAndName.xib */ = {isa = PBXFileReference; fileEncoding = 4; lastKnownFileType = file.xib; path = KDExpertPicAndName.xib; sourceTree = "<group>"; };
		C769D1041B4BCAB800976F69 /* KDTool.h */ = {isa = PBXFileReference; fileEncoding = 4; lastKnownFileType = sourcecode.c.h; path = KDTool.h; sourceTree = "<group>"; };
		C769D1051B4BCAB800976F69 /* KDTool.m */ = {isa = PBXFileReference; fileEncoding = 4; lastKnownFileType = sourcecode.c.objc; path = KDTool.m; sourceTree = "<group>"; };
		C769D1071B4CFF4400976F69 /* KDListingHeadView.xib */ = {isa = PBXFileReference; fileEncoding = 4; lastKnownFileType = file.xib; path = KDListingHeadView.xib; sourceTree = "<group>"; };
		C769D10B1B4D1A1C00976F69 /* KDListingCell.xib */ = {isa = PBXFileReference; fileEncoding = 4; lastKnownFileType = file.xib; path = KDListingCell.xib; sourceTree = "<group>"; };
		C78811151B3ABD1D00813D65 /* KDExpertTeamTableViewController.h */ = {isa = PBXFileReference; fileEncoding = 4; lastKnownFileType = sourcecode.c.h; path = KDExpertTeamTableViewController.h; sourceTree = "<group>"; };
		C78811161B3ABD1D00813D65 /* KDExpertTeamTableViewController.m */ = {isa = PBXFileReference; fileEncoding = 4; lastKnownFileType = sourcecode.c.objc; path = KDExpertTeamTableViewController.m; sourceTree = "<group>"; };
		C78811181B3B9EEA00813D65 /* KDExpertHeaderView.xib */ = {isa = PBXFileReference; fileEncoding = 4; lastKnownFileType = file.xib; name = KDExpertHeaderView.xib; path = ../Controller/KDExpertHeaderView.xib; sourceTree = "<group>"; };
		C788111A1B3BA2E700813D65 /* KDExpertTeamTableViewCell.h */ = {isa = PBXFileReference; fileEncoding = 4; lastKnownFileType = sourcecode.c.h; path = KDExpertTeamTableViewCell.h; sourceTree = "<group>"; };
		C788111B1B3BA2E700813D65 /* KDExpertTeamTableViewCell.m */ = {isa = PBXFileReference; fileEncoding = 4; lastKnownFileType = sourcecode.c.objc; path = KDExpertTeamTableViewCell.m; sourceTree = "<group>"; };
		C788111F1B3BA32F00813D65 /* KDExpertTDetailTableViewCell.h */ = {isa = PBXFileReference; fileEncoding = 4; lastKnownFileType = sourcecode.c.h; path = KDExpertTDetailTableViewCell.h; sourceTree = "<group>"; };
		C78811201B3BA32F00813D65 /* KDExpertTDetailTableViewCell.m */ = {isa = PBXFileReference; fileEncoding = 4; lastKnownFileType = sourcecode.c.objc; path = KDExpertTDetailTableViewCell.m; sourceTree = "<group>"; };
		C78811241B3BABBD00813D65 /* KDExpertTDetailTableViewCell.xib */ = {isa = PBXFileReference; fileEncoding = 4; lastKnownFileType = file.xib; path = KDExpertTDetailTableViewCell.xib; sourceTree = "<group>"; };
		C78811261B3BABCC00813D65 /* KDExpertTeamTableViewCell.xib */ = {isa = PBXFileReference; fileEncoding = 4; lastKnownFileType = file.xib; path = KDExpertTeamTableViewCell.xib; sourceTree = "<group>"; };
		C78811281B3BF89300813D65 /* KDExpertHeaderView.h */ = {isa = PBXFileReference; fileEncoding = 4; lastKnownFileType = sourcecode.c.h; path = KDExpertHeaderView.h; sourceTree = "<group>"; };
		C78811291B3BF89300813D65 /* KDExpertHeaderView.m */ = {isa = PBXFileReference; fileEncoding = 4; lastKnownFileType = sourcecode.c.objc; path = KDExpertHeaderView.m; sourceTree = "<group>"; };
		C788112B1B3C05E000813D65 /* SectionHeaderView.xib */ = {isa = PBXFileReference; fileEncoding = 4; lastKnownFileType = file.xib; path = SectionHeaderView.xib; sourceTree = "<group>"; };
		C788112D1B3C05F300813D65 /* KDSectionHeaderView.h */ = {isa = PBXFileReference; fileEncoding = 4; lastKnownFileType = sourcecode.c.h; path = KDSectionHeaderView.h; sourceTree = "<group>"; };
		C788112E1B3C05F300813D65 /* KDSectionHeaderView.m */ = {isa = PBXFileReference; fileEncoding = 4; lastKnownFileType = sourcecode.c.objc; path = KDSectionHeaderView.m; sourceTree = "<group>"; };
		C78811301B3C133E00813D65 /* KDExpertsTableViewController.h */ = {isa = PBXFileReference; fileEncoding = 4; lastKnownFileType = sourcecode.c.h; path = KDExpertsTableViewController.h; sourceTree = "<group>"; };
		C78811311B3C133E00813D65 /* KDExpertsTableViewController.m */ = {isa = PBXFileReference; fileEncoding = 4; lastKnownFileType = sourcecode.c.objc; path = KDExpertsTableViewController.m; sourceTree = "<group>"; };
		C78811331B3D3F5C00813D65 /* KDExpertTeam.h */ = {isa = PBXFileReference; fileEncoding = 4; lastKnownFileType = sourcecode.c.h; path = KDExpertTeam.h; sourceTree = "<group>"; };
		C78811341B3D3F5C00813D65 /* KDExpertTeam.m */ = {isa = PBXFileReference; fileEncoding = 4; lastKnownFileType = sourcecode.c.objc; path = KDExpertTeam.m; sourceTree = "<group>"; };
		C78811361B3D41D800813D65 /* KDTopicScroll.h */ = {isa = PBXFileReference; fileEncoding = 4; lastKnownFileType = sourcecode.c.h; path = KDTopicScroll.h; sourceTree = "<group>"; };
		C78811371B3D41D800813D65 /* KDTopicScroll.m */ = {isa = PBXFileReference; fileEncoding = 4; lastKnownFileType = sourcecode.c.objc; path = KDTopicScroll.m; sourceTree = "<group>"; };
		C7A03E051B3A58C200FC8F6A /* KDExpertCommentCell.h */ = {isa = PBXFileReference; fileEncoding = 4; lastKnownFileType = sourcecode.c.h; path = KDExpertCommentCell.h; sourceTree = "<group>"; };
		C7A03E061B3A58C200FC8F6A /* KDExpertCommentCell.m */ = {isa = PBXFileReference; fileEncoding = 4; lastKnownFileType = sourcecode.c.objc; path = KDExpertCommentCell.m; sourceTree = "<group>"; };
		C7A03E071B3A58C200FC8F6A /* KDExpertCommentCell.xib */ = {isa = PBXFileReference; fileEncoding = 4; lastKnownFileType = file.xib; path = KDExpertCommentCell.xib; sourceTree = "<group>"; };
		C7A03E081B3A58C200FC8F6A /* KDExpertIntroCell.h */ = {isa = PBXFileReference; fileEncoding = 4; lastKnownFileType = sourcecode.c.h; path = KDExpertIntroCell.h; sourceTree = "<group>"; };
		C7A03E091B3A58C200FC8F6A /* KDExpertIntroCell.m */ = {isa = PBXFileReference; fileEncoding = 4; lastKnownFileType = sourcecode.c.objc; path = KDExpertIntroCell.m; sourceTree = "<group>"; };
		C7A03E0A1B3A58C200FC8F6A /* KDExpertIntroCell.xib */ = {isa = PBXFileReference; fileEncoding = 4; lastKnownFileType = file.xib; path = KDExpertIntroCell.xib; sourceTree = "<group>"; };
		C7A03E0B1B3A58C200FC8F6A /* KDExpertTopicCell.h */ = {isa = PBXFileReference; fileEncoding = 4; lastKnownFileType = sourcecode.c.h; path = KDExpertTopicCell.h; sourceTree = "<group>"; };
		C7A03E0C1B3A58C200FC8F6A /* KDExpertTopicCell.m */ = {isa = PBXFileReference; fileEncoding = 4; lastKnownFileType = sourcecode.c.objc; path = KDExpertTopicCell.m; sourceTree = "<group>"; };
		C7A03E0D1B3A58C200FC8F6A /* KDExpertTopicCell.xib */ = {isa = PBXFileReference; fileEncoding = 4; lastKnownFileType = file.xib; path = KDExpertTopicCell.xib; sourceTree = "<group>"; };
		C7A03E141B3A58CB00FC8F6A /* KDExpertComment.h */ = {isa = PBXFileReference; fileEncoding = 4; lastKnownFileType = sourcecode.c.h; path = KDExpertComment.h; sourceTree = "<group>"; };
		C7A03E151B3A58CB00FC8F6A /* KDExpertComment.m */ = {isa = PBXFileReference; fileEncoding = 4; lastKnownFileType = sourcecode.c.objc; path = KDExpertComment.m; sourceTree = "<group>"; };
		C7A03E161B3A58CB00FC8F6A /* KDExpertTopic.h */ = {isa = PBXFileReference; fileEncoding = 4; lastKnownFileType = sourcecode.c.h; path = KDExpertTopic.h; sourceTree = "<group>"; };
		C7A03E171B3A58CB00FC8F6A /* KDExpertTopic.m */ = {isa = PBXFileReference; fileEncoding = 4; lastKnownFileType = sourcecode.c.objc; path = KDExpertTopic.m; sourceTree = "<group>"; };
		C7A03E1D1B3A613200FC8F6A /* KDExpertListCell.h */ = {isa = PBXFileReference; fileEncoding = 4; lastKnownFileType = sourcecode.c.h; path = KDExpertListCell.h; sourceTree = "<group>"; };
		C7A03E1E1B3A613200FC8F6A /* KDExpertListCell.m */ = {isa = PBXFileReference; fileEncoding = 4; lastKnownFileType = sourcecode.c.objc; path = KDExpertListCell.m; sourceTree = "<group>"; };
		C7A03E1F1B3A613200FC8F6A /* KDExpertListCell.xib */ = {isa = PBXFileReference; fileEncoding = 4; lastKnownFileType = file.xib; path = KDExpertListCell.xib; sourceTree = "<group>"; };
		C7CA87E21B390426002C167F /* KDLeftHeadTableViewCell.h */ = {isa = PBXFileReference; fileEncoding = 4; lastKnownFileType = sourcecode.c.h; path = KDLeftHeadTableViewCell.h; sourceTree = "<group>"; };
		C7CA87E31B390426002C167F /* KDLeftHeadTableViewCell.m */ = {isa = PBXFileReference; fileEncoding = 4; lastKnownFileType = sourcecode.c.objc; path = KDLeftHeadTableViewCell.m; sourceTree = "<group>"; };
		C7CA87E41B390426002C167F /* KDLeftHeadTableViewCell.xib */ = {isa = PBXFileReference; fileEncoding = 4; lastKnownFileType = file.xib; path = KDLeftHeadTableViewCell.xib; sourceTree = "<group>"; };
		C7CA87E71B39075E002C167F /* KDLeftSwitchTableViewCell.h */ = {isa = PBXFileReference; fileEncoding = 4; lastKnownFileType = sourcecode.c.h; path = KDLeftSwitchTableViewCell.h; sourceTree = "<group>"; };
		C7CA87E81B39075E002C167F /* KDLeftSwitchTableViewCell.m */ = {isa = PBXFileReference; fileEncoding = 4; lastKnownFileType = sourcecode.c.objc; path = KDLeftSwitchTableViewCell.m; sourceTree = "<group>"; };
		C7CA87E91B39075E002C167F /* KDLeftSwitchTableViewCell.xib */ = {isa = PBXFileReference; fileEncoding = 4; lastKnownFileType = file.xib; path = KDLeftSwitchTableViewCell.xib; sourceTree = "<group>"; };
		C7CA87EE1B393468002C167F /* KDExpertListTableViewController.h */ = {isa = PBXFileReference; fileEncoding = 4; lastKnownFileType = sourcecode.c.h; path = KDExpertListTableViewController.h; sourceTree = "<group>"; };
		C7CA87EF1B393468002C167F /* KDExpertListTableViewController.m */ = {isa = PBXFileReference; fileEncoding = 4; lastKnownFileType = sourcecode.c.objc; path = KDExpertListTableViewController.m; sourceTree = "<group>"; };
		C8E33FE7688BD8C629BEE673 /* Pods.debug.xcconfig */ = {isa = PBXFileReference; includeInIndex = 1; lastKnownFileType = text.xcconfig; name = Pods.debug.xcconfig; path = "Pods/Target Support Files/Pods/Pods.debug.xcconfig"; sourceTree = "<group>"; };
		C91EDF832B0BDB2B511AF0A6 /* Pods.release.xcconfig */ = {isa = PBXFileReference; includeInIndex = 1; lastKnownFileType = text.xcconfig; name = Pods.release.xcconfig; path = "Pods/Target Support Files/Pods/Pods.release.xcconfig"; sourceTree = "<group>"; };
/* End PBXFileReference section */

/* Begin PBXFrameworksBuildPhase section */
		C7249D4E1B33C46E009C448C /* Frameworks */ = {
			isa = PBXFrameworksBuildPhase;
			buildActionMask = 2147483647;
			files = (
				08F03BF11B4FF90B00CAA7D8 /* BaiduMapAPI.framework in Frameworks */,
				A0B1C6091B428D0B00D67465 /* Security.framework in Frameworks */,
				A0B1C6071B428CE900D67465 /* OpenGLES.framework in Frameworks */,
				A0FC56121B3CFECD00580677 /* CoreGraphics.framework in Frameworks */,
				C7249DE51B33EF35009C448C /* SystemConfiguration.framework in Frameworks */,
				C7249DE31B33EF28009C448C /* CoreLocation.framework in Frameworks */,
				C7249DE11B33EF1F009C448C /* QuartzCore.framework in Frameworks */,
				E828E50393AA8D6697C89573 /* libPods.a in Frameworks */,
			);
			runOnlyForDeploymentPostprocessing = 0;
		};
		C7249D671B33C46E009C448C /* Frameworks */ = {
			isa = PBXFrameworksBuildPhase;
			buildActionMask = 2147483647;
			files = (
			);
			runOnlyForDeploymentPostprocessing = 0;
		};
/* End PBXFrameworksBuildPhase section */

/* Begin PBXGroup section */
		85D691B5C75DC0E2CDABF91D /* Pods */ = {
			isa = PBXGroup;
			children = (
				C8E33FE7688BD8C629BEE673 /* Pods.debug.xcconfig */,
				C91EDF832B0BDB2B511AF0A6 /* Pods.release.xcconfig */,
			);
			name = Pods;
			sourceTree = "<group>";
		};
		A0596DDD1B3AA4CE008AD558 /* Reserve */ = {
			isa = PBXGroup;
			children = (
				A0596DDE1B3AA4F3008AD558 /* KDReserveController.h */,
				A0596DDF1B3AA4F3008AD558 /* KDReserveController.m */,
				A0EFAF221B3BB2DE000F612C /* KDReserveTimeViewController.h */,
				A0EFAF231B3BB2DE000F612C /* KDReserveTimeViewController.m */,
				A08C32411B4135980049D6A0 /* KDReserveInfoViewController.h */,
				A08C32421B4135980049D6A0 /* KDReserveInfoViewController.m */,
				A08C32441B4138650049D6A0 /* KDReservePayController.h */,
				A08C32451B4138650049D6A0 /* KDReservePayController.m */,
			);
			path = Reserve;
			sourceTree = "<group>";
		};
		A0B1C60D1B42A2A100D67465 /* Map */ = {
			isa = PBXGroup;
			children = (
				A0B1C6111B42AD0300D67465 /* KDMapView.h */,
				A0B1C6121B42AD0300D67465 /* KDMapView.m */,
			);
			path = Map;
			sourceTree = "<group>";
		};
		A0FC56221B3D3F9D00580677 /* Reserve */ = {
			isa = PBXGroup;
			children = (
				A0DEE0991B450A8B00CF3004 /* KDTimePickView.h */,
				A0DEE09A1B450A8B00CF3004 /* KDTimePickView.m */,
			);
			path = Reserve;
			sourceTree = "<group>";
		};
		A1C8CEE4A1F3123AD74C50C2 /* Frameworks */ = {
			isa = PBXGroup;
			children = (
				08F03BF01B4FF90B00CAA7D8 /* BaiduMapAPI.framework */,
				A0B1C6081B428D0B00D67465 /* Security.framework */,
				A0B1C6061B428CE900D67465 /* OpenGLES.framework */,
				A0B1C6041B428BEC00D67465 /* BaiduMapAPI.framework */,
				A0FC56111B3CFECD00580677 /* CoreGraphics.framework */,
				C7249DE41B33EF35009C448C /* SystemConfiguration.framework */,
				C7249DE21B33EF28009C448C /* CoreLocation.framework */,
				C7249DE01B33EF1F009C448C /* QuartzCore.framework */,
				532417BE14BA7656F678F002 /* libPods.a */,
			);
			name = Frameworks;
			sourceTree = "<group>";
		};
		C7249D481B33C46E009C448C = {
			isa = PBXGroup;
			children = (
				C7122D0F1B42B761001F53A1 /* mapapi.bundle */,
				C7249D531B33C46E009C448C /* 口袋专家 */,
				C7249D6D1B33C46E009C448C /* 口袋专家Tests */,
				C7249D521B33C46E009C448C /* Products */,
				85D691B5C75DC0E2CDABF91D /* Pods */,
				A1C8CEE4A1F3123AD74C50C2 /* Frameworks */,
			);
			sourceTree = "<group>";
		};
		C7249D521B33C46E009C448C /* Products */ = {
			isa = PBXGroup;
			children = (
				C7249D511B33C46E009C448C /* 口袋专家.app */,
				C7249D6A1B33C46E009C448C /* 口袋专家Tests.xctest */,
			);
			name = Products;
			sourceTree = "<group>";
		};
		C7249D531B33C46E009C448C /* 口袋专家 */ = {
			isa = PBXGroup;
			children = (
				C7249D7A1B33C552009C448C /* Classes */,
				C7249D611B33C46E009C448C /* Images.xcassets */,
				C7249D631B33C46E009C448C /* LaunchScreen.xib */,
				C7249D541B33C46E009C448C /* Supporting Files */,
			);
			path = "口袋专家";
			sourceTree = "<group>";
		};
		C7249D541B33C46E009C448C /* Supporting Files */ = {
			isa = PBXGroup;
			children = (
				C7249D551B33C46E009C448C /* Info.plist */,
			);
			name = "Supporting Files";
			sourceTree = "<group>";
		};
		C7249D6D1B33C46E009C448C /* 口袋专家Tests */ = {
			isa = PBXGroup;
			children = (
				C7249D701B33C46E009C448C /* ____Tests.m */,
				C7249D6E1B33C46E009C448C /* Supporting Files */,
			);
			path = "口袋专家Tests";
			sourceTree = "<group>";
		};
		C7249D6E1B33C46E009C448C /* Supporting Files */ = {
			isa = PBXGroup;
			children = (
				C7249D6F1B33C46E009C448C /* Info.plist */,
			);
			name = "Supporting Files";
			sourceTree = "<group>";
		};
		C7249D7A1B33C552009C448C /* Classes */ = {
			isa = PBXGroup;
			children = (
				C7249D7B1B33C552009C448C /* DB */,
				C7249D7C1B33C552009C448C /* Main(主要) */,
				C7249D8D1B33C552009C448C /* Network */,
				C7249D8E1B33C552009C448C /* Other */,
				C7249D931B33C552009C448C /* Picture */,
				C7249D941B33C552009C448C /* Singleton */,
				C7249D951B33C552009C448C /* System */,
				C7249D991B33C552009C448C /* ThirdParty */,
			);
			path = Classes;
			sourceTree = "<group>";
		};
		C7249D7B1B33C552009C448C /* DB */ = {
			isa = PBXGroup;
			children = (
			);
			path = DB;
			sourceTree = "<group>";
		};
		C7249D7C1B33C552009C448C /* Main(主要) */ = {
			isa = PBXGroup;
			children = (
				C7249D7D1B33C552009C448C /* Discover(发现) */,
				C7249D811B33C552009C448C /* Expert(专家) */,
				C7249D851B33C552009C448C /* Login(登录) */,
				C7249D891B33C552009C448C /* User(个人中心) */,
				C7249DB61B33E70C009C448C /* LeftViewController.h */,
				C7249DB71B33E70C009C448C /* LeftViewController.m */,
				A0D557C71B46658500C3133F /* KDRootViewController.h */,
				A0D557C81B46658500C3133F /* KDRootViewController.m */,
			);
			path = "Main(主要)";
			sourceTree = "<group>";
		};
		C7249D7D1B33C552009C448C /* Discover(发现) */ = {
			isa = PBXGroup;
			children = (
				C7249D7E1B33C552009C448C /* Controller */,
				C7249D7F1B33C552009C448C /* Model */,
				C7249D801B33C552009C448C /* View */,
			);
			path = "Discover(发现)";
			sourceTree = "<group>";
		};
		C7249D7E1B33C552009C448C /* Controller */ = {
			isa = PBXGroup;
			children = (
				C7249DBB1B33ED77009C448C /* KDDiscoverTableViewController.h */,
				C7249DBC1B33ED77009C448C /* KDDiscoverTableViewController.m */,
				C7249DBE1B33ED77009C448C /* KDListingViewController.h */,
				C7249DBF1B33ED77009C448C /* KDListingViewController.m */,
				C78811151B3ABD1D00813D65 /* KDExpertTeamTableViewController.h */,
				C78811161B3ABD1D00813D65 /* KDExpertTeamTableViewController.m */,
				C78811301B3C133E00813D65 /* KDExpertsTableViewController.h */,
				C78811311B3C133E00813D65 /* KDExpertsTableViewController.m */,
				C769D0F91B4A216800976F69 /* KDExpertsViewController.h */,
				C769D0FA1B4A216800976F69 /* KDExpertsViewController.m */,
			);
			path = Controller;
			sourceTree = "<group>";
		};
		C7249D7F1B33C552009C448C /* Model */ = {
			isa = PBXGroup;
			children = (
				C7122D011B40EFC1001F53A1 /* KDTexpertList.h */,
				C7122D021B40EFC1001F53A1 /* KDTexpertList.m */,
				C78811331B3D3F5C00813D65 /* KDExpertTeam.h */,
				C78811341B3D3F5C00813D65 /* KDExpertTeam.m */,
				C78811361B3D41D800813D65 /* KDTopicScroll.h */,
				C78811371B3D41D800813D65 /* KDTopicScroll.m */,
				C7122D061B424BDA001F53A1 /* KDListModel.h */,
				C7122D071B424BDA001F53A1 /* KDListModel.m */,
				A0AC8FC11B4D093200814F1A /* KDDisTopic.h */,
				A0AC8FC21B4D093200814F1A /* KDDisTopic.m */,
			);
			path = Model;
			sourceTree = "<group>";
		};
		C7249D801B33C552009C448C /* View */ = {
			isa = PBXGroup;
			children = (
				C788112B1B3C05E000813D65 /* SectionHeaderView.xib */,
				C788112D1B3C05F300813D65 /* KDSectionHeaderView.h */,
				C788112E1B3C05F300813D65 /* KDSectionHeaderView.m */,
				C78811181B3B9EEA00813D65 /* KDExpertHeaderView.xib */,
				C78811281B3BF89300813D65 /* KDExpertHeaderView.h */,
				C78811291B3BF89300813D65 /* KDExpertHeaderView.m */,
				C788111A1B3BA2E700813D65 /* KDExpertTeamTableViewCell.h */,
				C788111B1B3BA2E700813D65 /* KDExpertTeamTableViewCell.m */,
				C78811261B3BABCC00813D65 /* KDExpertTeamTableViewCell.xib */,
				C788111F1B3BA32F00813D65 /* KDExpertTDetailTableViewCell.h */,
				C78811201B3BA32F00813D65 /* KDExpertTDetailTableViewCell.m */,
				C78811241B3BABBD00813D65 /* KDExpertTDetailTableViewCell.xib */,
				C7249DC31B33ED8A009C448C /* KDExpertPicAndName.h */,
				C7249DC41B33ED8A009C448C /* KDExpertPicAndName.m */,
				C769D1021B4BB62D00976F69 /* KDExpertPicAndName.xib */,
				C7249DC51B33ED8A009C448C /* KDFirstTableViewCell.h */,
				C7249DC61B33ED8A009C448C /* KDFirstTableViewCell.m */,
				C7249DC71B33ED8A009C448C /* KDFirstTableViewCell.xib */,
				C7249DC81B33ED8A009C448C /* KDListingCell.h */,
				C7249DC91B33ED8A009C448C /* KDListingCell.m */,
				C769D10B1B4D1A1C00976F69 /* KDListingCell.xib */,
				C7249DCA1B33ED8A009C448C /* KDListingHeadView.h */,
				C7249DCB1B33ED8A009C448C /* KDListingHeadView.m */,
				C769D1071B4CFF4400976F69 /* KDListingHeadView.xib */,
				C7249DCC1B33ED8A009C448C /* KDProfessorView.h */,
				C7249DCD1B33ED8A009C448C /* KDProfessorView.m */,
				A0AC8FB91B4CFA3A00814F1A /* KDSecondTableViewCell.h */,
				A0AC8FBA1B4CFA3A00814F1A /* KDSecondTableViewCell.m */,
				A0AC8FBB1B4CFA3A00814F1A /* KDSecondTableViewCell.xib */,
			);
			path = View;
			sourceTree = "<group>";
		};
		C7249D811B33C552009C448C /* Expert(专家) */ = {
			isa = PBXGroup;
			children = (
				C7249D821B33C552009C448C /* Controller */,
				C7249D831B33C552009C448C /* Model */,
				C7249D841B33C552009C448C /* View */,
			);
			path = "Expert(专家)";
			sourceTree = "<group>";
		};
		C7249D821B33C552009C448C /* Controller */ = {
			isa = PBXGroup;
			children = (
				A0596DDD1B3AA4CE008AD558 /* Reserve */,
				A0596DC51B3A6537008AD558 /* KDExpertCommentTableViewController.h */,
				A0596DC61B3A6537008AD558 /* KDExpertCommentTableViewController.m */,
				A0596DC21B3A651C008AD558 /* KDTopicDetailViewController.h */,
				A0596DC31B3A651C008AD558 /* KDTopicDetailViewController.m */,
				A0596DBA1B3A6447008AD558 /* KDExpertDetailViewController.h */,
				A0596DBB1B3A6447008AD558 /* KDExpertDetailViewController.m */,
				C7249DD41B33ED9C009C448C /* KDExpertViewController.h */,
				C7249DD51B33ED9C009C448C /* KDExpertViewController.m */,
				C7CA87EE1B393468002C167F /* KDExpertListTableViewController.h */,
				C7CA87EF1B393468002C167F /* KDExpertListTableViewController.m */,
				C7249DD91B33EE19009C448C /* KDExpertMapViewController.h */,
				C7249DDA1B33EE19009C448C /* KDExpertMapViewController.mm */,
				A0596DCB1B3A7C5B008AD558 /* KDExpertIntroViewController.h */,
				A0596DCC1B3A7C5B008AD558 /* KDExpertIntroViewController.m */,
				A08E7D121B43D851001899B3 /* KDSearchExpertViewController.h */,
				A08E7D131B43D851001899B3 /* KDSearchExpertViewController.m */,
			);
			path = Controller;
			sourceTree = "<group>";
		};
		C7249D831B33C552009C448C /* Model */ = {
			isa = PBXGroup;
			children = (
				A0596DC81B3A6560008AD558 /* KDExpertList.h */,
				A0596DC91B3A6560008AD558 /* KDExpertList.m */,
				C7A03E141B3A58CB00FC8F6A /* KDExpertComment.h */,
				C7A03E151B3A58CB00FC8F6A /* KDExpertComment.m */,
				C7A03E161B3A58CB00FC8F6A /* KDExpertTopic.h */,
				C7A03E171B3A58CB00FC8F6A /* KDExpertTopic.m */,
				A0EFAF251B3BE0A0000F612C /* KDExpertJob.h */,
				A0EFAF261B3BE0A0000F612C /* KDExpertJob.m */,
				A0EFAF281B3BE147000F612C /* KDExpertEdu.h */,
				A0EFAF291B3BE147000F612C /* KDExpertEdu.m */,
			);
			path = Model;
			sourceTree = "<group>";
		};
		C7249D841B33C552009C448C /* View */ = {
			isa = PBXGroup;
			children = (
				A0B1C60D1B42A2A100D67465 /* Map */,
				A0FC56221B3D3F9D00580677 /* Reserve */,
				A0596DBD1B3A64F9008AD558 /* KDHeader.h */,
				A0596DBE1B3A64F9008AD558 /* KDHeader.m */,
				A0596DBF1B3A64F9008AD558 /* KDHeader.xib */,
				C7A03E1D1B3A613200FC8F6A /* KDExpertListCell.h */,
				C7A03E1E1B3A613200FC8F6A /* KDExpertListCell.m */,
				C7A03E1F1B3A613200FC8F6A /* KDExpertListCell.xib */,
				C7A03E051B3A58C200FC8F6A /* KDExpertCommentCell.h */,
				C7A03E061B3A58C200FC8F6A /* KDExpertCommentCell.m */,
				C7A03E071B3A58C200FC8F6A /* KDExpertCommentCell.xib */,
				C7A03E081B3A58C200FC8F6A /* KDExpertIntroCell.h */,
				C7A03E091B3A58C200FC8F6A /* KDExpertIntroCell.m */,
				C7A03E0A1B3A58C200FC8F6A /* KDExpertIntroCell.xib */,
				C7A03E0B1B3A58C200FC8F6A /* KDExpertTopicCell.h */,
				C7A03E0C1B3A58C200FC8F6A /* KDExpertTopicCell.m */,
				C7A03E0D1B3A58C200FC8F6A /* KDExpertTopicCell.xib */,
				A0596DCE1B3A831F008AD558 /* KDExpertIntroHeader.xib */,
				A0596DD01B3A8344008AD558 /* KDExpertIntroHeader.h */,
				A0596DD11B3A8344008AD558 /* KDExpertIntroHeader.m */,
				A0596DD31B3A8B56008AD558 /* KDExpertJobCell.h */,
				A0596DD41B3A8B56008AD558 /* KDExpertJobCell.m */,
				A0596DD51B3A8B56008AD558 /* KDExpertJobCell.xib */,
				A0596DD81B3A8D3B008AD558 /* KDExpertEduCell.h */,
				A0596DD91B3A8D3B008AD558 /* KDExpertEduCell.m */,
				A0596DDA1B3A8D3B008AD558 /* KDExpertEduCell.xib */,
			);
			path = View;
			sourceTree = "<group>";
		};
		C7249D851B33C552009C448C /* Login(登录) */ = {
			isa = PBXGroup;
			children = (
				C7249D861B33C552009C448C /* Controller */,
				C7249D871B33C552009C448C /* Model */,
				C7249D881B33C552009C448C /* View */,
			);
			path = "Login(登录)";
			sourceTree = "<group>";
		};
		C7249D861B33C552009C448C /* Controller */ = {
			isa = PBXGroup;
			children = (
			);
			path = Controller;
			sourceTree = "<group>";
		};
		C7249D871B33C552009C448C /* Model */ = {
			isa = PBXGroup;
			children = (
			);
			path = Model;
			sourceTree = "<group>";
		};
		C7249D881B33C552009C448C /* View */ = {
			isa = PBXGroup;
			children = (
			);
			path = View;
			sourceTree = "<group>";
		};
		C7249D891B33C552009C448C /* User(个人中心) */ = {
			isa = PBXGroup;
			children = (
				C7249D8A1B33C552009C448C /* Controller */,
				C7249D8B1B33C552009C448C /* Model */,
				C7249D8C1B33C552009C448C /* View */,
			);
			path = "User(个人中心)";
			sourceTree = "<group>";
		};
		C7249D8A1B33C552009C448C /* Controller */ = {
			isa = PBXGroup;
			children = (
				A0DEE09C1B45356200CF3004 /* KDMyReserveTableViewController.h */,
				A0DEE09D1B45356200CF3004 /* KDMyReserveTableViewController.m */,
				A0D3281B1B4A6AB200129DD0 /* KDReserveDetailViewController.h */,
				A0D3281C1B4A6AB200129DD0 /* KDReserveDetailViewController.m */,
				A0D3281D1B4A6AB200129DD0 /* KDReserveDetailViewController.xib */,
				A0EBC7C21B4B79F100D75C1C /* KDCancleReserveController.h */,
				A0EBC7C31B4B79F100D75C1C /* KDCancleReserveController.m */,
				A0EBC7C51B4B7CEA00D75C1C /* KDListenViewController.h */,
				A0EBC7C61B4B7CEA00D75C1C /* KDListenViewController.m */,
			);
			path = Controller;
			sourceTree = "<group>";
		};
		C7249D8B1B33C552009C448C /* Model */ = {
			isa = PBXGroup;
			children = (
				A0D328151B4A315400129DD0 /* KDMyReserve.h */,
				A0D328161B4A315400129DD0 /* KDMyReserve.m */,
			);
			path = Model;
			sourceTree = "<group>";
		};
		C7249D8C1B33C552009C448C /* View */ = {
			isa = PBXGroup;
			children = (
				C7CA87E21B390426002C167F /* KDLeftHeadTableViewCell.h */,
				C7CA87E31B390426002C167F /* KDLeftHeadTableViewCell.m */,
				C7CA87E41B390426002C167F /* KDLeftHeadTableViewCell.xib */,
				C7CA87E71B39075E002C167F /* KDLeftSwitchTableViewCell.h */,
				C7CA87E81B39075E002C167F /* KDLeftSwitchTableViewCell.m */,
				C7CA87E91B39075E002C167F /* KDLeftSwitchTableViewCell.xib */,
				A0DEE09F1B45383D00CF3004 /* KDMyReserveCell.h */,
				A0DEE0A01B45383D00CF3004 /* KDMyReserveCell.m */,
				A0DEE0A11B45383D00CF3004 /* KDMyReserveCell.xib */,
			);
			path = View;
			sourceTree = "<group>";
		};
		C7249D8D1B33C552009C448C /* Network */ = {
			isa = PBXGroup;
			children = (
			);
			path = Network;
			sourceTree = "<group>";
		};
		C7249D8E1B33C552009C448C /* Other */ = {
			isa = PBXGroup;
			children = (
				C7249D8F1B33C552009C448C /* KDBaseNavigationController.h */,
				C7249D901B33C552009C448C /* KDBaseNavigationController.m */,
				C7249D911B33C552009C448C /* KDConst.h */,
				C7249D921B33C552009C448C /* KDConst.m */,
				C769D1041B4BCAB800976F69 /* KDTool.h */,
				C769D1051B4BCAB800976F69 /* KDTool.m */,
			);
			path = Other;
			sourceTree = "<group>";
		};
		C7249D931B33C552009C448C /* Picture */ = {
			isa = PBXGroup;
			children = (
				A0D557CA1B4668DB00C3133F /* iconfont-faxian.png */,
				A08E7D101B4390DD001899B3 /* iconfont-iconfontleft.png */,
				A0B1C5FB1B4268D300D67465 /* iconfont-zhuanjiaku.png */,
			);
			path = Picture;
			sourceTree = "<group>";
		};
		C7249D941B33C552009C448C /* Singleton */ = {
			isa = PBXGroup;
			children = (
				A0D557C41B462B1D00C3133F /* KDHandle.h */,
				A0D557C51B462B1D00C3133F /* KDHandle.m */,
			);
			path = Singleton;
			sourceTree = "<group>";
		};
		C7249D951B33C552009C448C /* System */ = {
			isa = PBXGroup;
			children = (
				C7249DA21B33C7B9009C448C /* AppDelegate.h */,
				C7249DA31B33C7B9009C448C /* AppDelegate.mm */,
				C7249DA41B33C7B9009C448C /* main.m */,
			);
			path = System;
			sourceTree = "<group>";
		};
		C7249D991B33C552009C448C /* ThirdParty */ = {
			isa = PBXGroup;
			children = (
				C769D0FC1B4B772E00976F69 /* UIBarButtonItem+Extension.h */,
				C769D0FD1B4B772E00976F69 /* UIBarButtonItem+Extension.m */,
				C769D0FF1B4B77F800976F69 /* UIView+Extension.h */,
				C769D1001B4B77F800976F69 /* UIView+Extension.m */,
				C7122D0C1B42B056001F53A1 /* UITableViewCell+textHeight.h */,
				C7122D0D1B42B056001F53A1 /* UITableViewCell+textHeight.m */,
				A08C32471B4143DB0049D6A0 /* UIPopoverListView.h */,
				A08C32481B4143DB0049D6A0 /* UIPopoverListView.m */,
			);
			path = ThirdParty;
			sourceTree = "<group>";
		};
/* End PBXGroup section */

/* Begin PBXNativeTarget section */
		C7249D501B33C46E009C448C /* 口袋专家 */ = {
			isa = PBXNativeTarget;
			buildConfigurationList = C7249D741B33C46E009C448C /* Build configuration list for PBXNativeTarget "口袋专家" */;
			buildPhases = (
				07713D89713406991CBB2A7F /* Check Pods Manifest.lock */,
				C7249D4D1B33C46E009C448C /* Sources */,
				C7249D4E1B33C46E009C448C /* Frameworks */,
				C7249D4F1B33C46E009C448C /* Resources */,
				EC29DEFE96999F081A14B210 /* Copy Pods Resources */,
			);
			buildRules = (
			);
			dependencies = (
			);
			name = "口袋专家";
			productName = "口袋专家";
			productReference = C7249D511B33C46E009C448C /* 口袋专家.app */;
			productType = "com.apple.product-type.application";
		};
		C7249D691B33C46E009C448C /* 口袋专家Tests */ = {
			isa = PBXNativeTarget;
			buildConfigurationList = C7249D771B33C46E009C448C /* Build configuration list for PBXNativeTarget "口袋专家Tests" */;
			buildPhases = (
				C7249D661B33C46E009C448C /* Sources */,
				C7249D671B33C46E009C448C /* Frameworks */,
				C7249D681B33C46E009C448C /* Resources */,
			);
			buildRules = (
			);
			dependencies = (
				C7249D6C1B33C46E009C448C /* PBXTargetDependency */,
			);
			name = "口袋专家Tests";
			productName = "口袋专家Tests";
			productReference = C7249D6A1B33C46E009C448C /* 口袋专家Tests.xctest */;
			productType = "com.apple.product-type.bundle.unit-test";
		};
/* End PBXNativeTarget section */

/* Begin PBXProject section */
		C7249D491B33C46E009C448C /* Project object */ = {
			isa = PBXProject;
			attributes = {
				CLASSPREFIX = KD;
				LastUpgradeCheck = 0630;
				ORGANIZATIONNAME = "扶摇直上";
				TargetAttributes = {
					C7249D501B33C46E009C448C = {
						CreatedOnToolsVersion = 6.3.2;
						DevelopmentTeam = NJNULN45M9;
					};
					C7249D691B33C46E009C448C = {
						CreatedOnToolsVersion = 6.3.2;
						TestTargetID = C7249D501B33C46E009C448C;
					};
				};
			};
			buildConfigurationList = C7249D4C1B33C46E009C448C /* Build configuration list for PBXProject "口袋专家" */;
			compatibilityVersion = "Xcode 3.2";
			developmentRegion = English;
			hasScannedForEncodings = 0;
			knownRegions = (
				en,
				Base,
			);
			mainGroup = C7249D481B33C46E009C448C;
			productRefGroup = C7249D521B33C46E009C448C /* Products */;
			projectDirPath = "";
			projectRoot = "";
			targets = (
				C7249D501B33C46E009C448C /* 口袋专家 */,
				C7249D691B33C46E009C448C /* 口袋专家Tests */,
			);
		};
/* End PBXProject section */

/* Begin PBXResourcesBuildPhase section */
		C7249D4F1B33C46E009C448C /* Resources */ = {
			isa = PBXResourcesBuildPhase;
			buildActionMask = 2147483647;
			files = (
				A08E7D111B4390DD001899B3 /* iconfont-iconfontleft.png in Resources */,
				A0596DCF1B3A831F008AD558 /* KDExpertIntroHeader.xib in Resources */,
				C7249DD01B33ED8A009C448C /* KDFirstTableViewCell.xib in Resources */,
				A0D3281F1B4A6AB200129DD0 /* KDReserveDetailViewController.xib in Resources */,
				C7CA87E61B390426002C167F /* KDLeftHeadTableViewCell.xib in Resources */,
				A0D557CB1B4668DB00C3133F /* iconfont-faxian.png in Resources */,
				C7122D101B42B761001F53A1 /* mapapi.bundle in Resources */,
				C7A03E211B3A613200FC8F6A /* KDExpertListCell.xib in Resources */,
				C78811251B3BABBD00813D65 /* KDExpertTDetailTableViewCell.xib in Resources */,
				A0B1C5FC1B4268D300D67465 /* iconfont-zhuanjiaku.png in Resources */,
				C78811271B3BABCC00813D65 /* KDExpertTeamTableViewCell.xib in Resources */,
				C769D1031B4BB62D00976F69 /* KDExpertPicAndName.xib in Resources */,
				A0596DC11B3A64F9008AD558 /* KDHeader.xib in Resources */,
				A0596DDC1B3A8D3B008AD558 /* KDExpertEduCell.xib in Resources */,
				C7A03E0F1B3A58C200FC8F6A /* KDExpertCommentCell.xib in Resources */,
				A0DEE0A31B45383D00CF3004 /* KDMyReserveCell.xib in Resources */,
				A0AC8FBD1B4CFA3A00814F1A /* KDSecondTableViewCell.xib in Resources */,
				C7A03E111B3A58C200FC8F6A /* KDExpertIntroCell.xib in Resources */,
				A0596DD71B3A8B56008AD558 /* KDExpertJobCell.xib in Resources */,
				C788112C1B3C05E000813D65 /* SectionHeaderView.xib in Resources */,
				C78811191B3B9EEA00813D65 /* KDExpertHeaderView.xib in Resources */,
				C769D1081B4CFF4400976F69 /* KDListingHeadView.xib in Resources */,
				C7CA87EB1B39075E002C167F /* KDLeftSwitchTableViewCell.xib in Resources */,
				C769D10C1B4D1A1C00976F69 /* KDListingCell.xib in Resources */,
				C7A03E131B3A58C200FC8F6A /* KDExpertTopicCell.xib in Resources */,
				C7249D621B33C46E009C448C /* Images.xcassets in Resources */,
			);
			runOnlyForDeploymentPostprocessing = 0;
		};
		C7249D681B33C46E009C448C /* Resources */ = {
			isa = PBXResourcesBuildPhase;
			buildActionMask = 2147483647;
			files = (
			);
			runOnlyForDeploymentPostprocessing = 0;
		};
/* End PBXResourcesBuildPhase section */

/* Begin PBXShellScriptBuildPhase section */
		07713D89713406991CBB2A7F /* Check Pods Manifest.lock */ = {
			isa = PBXShellScriptBuildPhase;
			buildActionMask = 2147483647;
			files = (
			);
			inputPaths = (
			);
			name = "Check Pods Manifest.lock";
			outputPaths = (
			);
			runOnlyForDeploymentPostprocessing = 0;
			shellPath = /bin/sh;
			shellScript = "diff \"${PODS_ROOT}/../Podfile.lock\" \"${PODS_ROOT}/Manifest.lock\" > /dev/null\nif [[ $? != 0 ]] ; then\n    cat << EOM\nerror: The sandbox is not in sync with the Podfile.lock. Run 'pod install' or update your CocoaPods installation.\nEOM\n    exit 1\nfi\n";
			showEnvVarsInLog = 0;
		};
		EC29DEFE96999F081A14B210 /* Copy Pods Resources */ = {
			isa = PBXShellScriptBuildPhase;
			buildActionMask = 2147483647;
			files = (
			);
			inputPaths = (
			);
			name = "Copy Pods Resources";
			outputPaths = (
			);
			runOnlyForDeploymentPostprocessing = 0;
			shellPath = /bin/sh;
			shellScript = "\"${SRCROOT}/Pods/Target Support Files/Pods/Pods-resources.sh\"\n";
			showEnvVarsInLog = 0;
		};
/* End PBXShellScriptBuildPhase section */

/* Begin PBXSourcesBuildPhase section */
		C7249D4D1B33C46E009C448C /* Sources */ = {
			isa = PBXSourcesBuildPhase;
			buildActionMask = 2147483647;
			files = (
				C7249DC21B33ED77009C448C /* KDListingViewController.m in Sources */,
				A0D328171B4A315400129DD0 /* KDMyReserve.m in Sources */,
				A0596DC01B3A64F9008AD558 /* KDHeader.m in Sources */,
				A0596DC41B3A651C008AD558 /* KDTopicDetailViewController.m in Sources */,
				C788112A1B3BF89300813D65 /* KDExpertHeaderView.m in Sources */,
				A0596DCD1B3A7C5B008AD558 /* KDExpertIntroViewController.m in Sources */,
				C7249DCE1B33ED8A009C448C /* KDExpertPicAndName.m in Sources */,
				C7249D9D1B33C552009C448C /* KDConst.m in Sources */,
				C7CA87EA1B39075E002C167F /* KDLeftSwitchTableViewCell.m in Sources */,
				C788112F1B3C05F300813D65 /* KDSectionHeaderView.m in Sources */,
				C769D0FB1B4A216800976F69 /* KDExpertsViewController.m in Sources */,
				C769D0FE1B4B772E00976F69 /* UIBarButtonItem+Extension.m in Sources */,
				A08C32491B4143DB0049D6A0 /* UIPopoverListView.m in Sources */,
				C7122D031B40EFC1001F53A1 /* KDTexpertList.m in Sources */,
				A0D557C61B462B1D00C3133F /* KDHandle.m in Sources */,
				A0596DCA1B3A6560008AD558 /* KDExpertList.m in Sources */,
				C78811221B3BA32F00813D65 /* KDExpertTDetailTableViewCell.m in Sources */,
				C7249D9C1B33C552009C448C /* KDBaseNavigationController.m in Sources */,
				C7CA87E51B390426002C167F /* KDLeftHeadTableViewCell.m in Sources */,
				A0AC8FC31B4D093200814F1A /* KDDisTopic.m in Sources */,
				C7A03E191B3A58CB00FC8F6A /* KDExpertTopic.m in Sources */,
				C788111D1B3BA2E700813D65 /* KDExpertTeamTableViewCell.m in Sources */,
				C7A03E0E1B3A58C200FC8F6A /* KDExpertCommentCell.m in Sources */,
				A0DEE09E1B45356200CF3004 /* KDMyReserveTableViewController.m in Sources */,
				A08C32461B4138650049D6A0 /* KDReservePayController.m in Sources */,
				C7122D0E1B42B056001F53A1 /* UITableViewCell+textHeight.m in Sources */,
				C78811351B3D3F5C00813D65 /* KDExpertTeam.m in Sources */,
				A0D3281E1B4A6AB200129DD0 /* KDReserveDetailViewController.m in Sources */,
				A0596DD21B3A8344008AD558 /* KDExpertIntroHeader.m in Sources */,
				C7249DCF1B33ED8A009C448C /* KDFirstTableViewCell.m in Sources */,
				A0EBC7C71B4B7CEA00D75C1C /* KDListenViewController.m in Sources */,
				C7A03E101B3A58C200FC8F6A /* KDExpertIntroCell.m in Sources */,
				A0596DC71B3A6537008AD558 /* KDExpertCommentTableViewController.m in Sources */,
				A08C32431B4135980049D6A0 /* KDReserveInfoViewController.m in Sources */,
				A08E7D141B43D851001899B3 /* KDSearchExpertViewController.m in Sources */,
				C7249DA61B33C7B9009C448C /* main.m in Sources */,
				C7A03E181B3A58CB00FC8F6A /* KDExpertComment.m in Sources */,
				A0596DE01B3AA4F3008AD558 /* KDReserveController.m in Sources */,
				A0EFAF271B3BE0A0000F612C /* KDExpertJob.m in Sources */,
				C7249DB81B33E70C009C448C /* LeftViewController.m in Sources */,
				C7249DA51B33C7B9009C448C /* AppDelegate.mm in Sources */,
				C7249DDB1B33EE19009C448C /* KDExpertMapViewController.mm in Sources */,
				A0DEE09B1B450A8B00CF3004 /* KDTimePickView.m in Sources */,
				A0B1C6131B42AD0300D67465 /* KDMapView.m in Sources */,
				C7249DC01B33ED77009C448C /* KDDiscoverTableViewController.m in Sources */,
				A0EBC7C41B4B79F100D75C1C /* KDCancleReserveController.m in Sources */,
				C78811321B3C133E00813D65 /* KDExpertsTableViewController.m in Sources */,
				C7249DD11B33ED8A009C448C /* KDListingCell.m in Sources */,
				A0AC8FBC1B4CFA3A00814F1A /* KDSecondTableViewCell.m in Sources */,
				A0EFAF2A1B3BE147000F612C /* KDExpertEdu.m in Sources */,
				C769D1061B4BCAB800976F69 /* KDTool.m in Sources */,
				C7CA87F01B393468002C167F /* KDExpertListTableViewController.m in Sources */,
				C78811381B3D41D800813D65 /* KDTopicScroll.m in Sources */,
				A0EFAF241B3BB2DE000F612C /* KDReserveTimeViewController.m in Sources */,
				C7A03E201B3A613200FC8F6A /* KDExpertListCell.m in Sources */,
				C769D1011B4B77F800976F69 /* UIView+Extension.m in Sources */,
				C7249DD31B33ED8A009C448C /* KDProfessorView.m in Sources */,
				A0DEE0A21B45383D00CF3004 /* KDMyReserveCell.m in Sources */,
				C7122D081B424BDA001F53A1 /* KDListModel.m in Sources */,
				C78811171B3ABD1D00813D65 /* KDExpertTeamTableViewController.m in Sources */,
				C7249DD71B33ED9C009C448C /* KDExpertViewController.m in Sources */,
				A0596DD61B3A8B56008AD558 /* KDExpertJobCell.m in Sources */,
				A0596DBC1B3A6447008AD558 /* KDExpertDetailViewController.m in Sources */,
				A0D557C91B46658500C3133F /* KDRootViewController.m in Sources */,
				A0596DDB1B3A8D3B008AD558 /* KDExpertEduCell.m in Sources */,
				C7249DD21B33ED8A009C448C /* KDListingHeadView.m in Sources */,
				C7A03E121B3A58C200FC8F6A /* KDExpertTopicCell.m in Sources */,
			);
			runOnlyForDeploymentPostprocessing = 0;
		};
		C7249D661B33C46E009C448C /* Sources */ = {
			isa = PBXSourcesBuildPhase;
			buildActionMask = 2147483647;
			files = (
				C7249D711B33C46E009C448C /* ____Tests.m in Sources */,
			);
			runOnlyForDeploymentPostprocessing = 0;
		};
/* End PBXSourcesBuildPhase section */

/* Begin PBXTargetDependency section */
		C7249D6C1B33C46E009C448C /* PBXTargetDependency */ = {
			isa = PBXTargetDependency;
			target = C7249D501B33C46E009C448C /* 口袋专家 */;
			targetProxy = C7249D6B1B33C46E009C448C /* PBXContainerItemProxy */;
		};
/* End PBXTargetDependency section */

/* Begin PBXVariantGroup section */
		C7249D631B33C46E009C448C /* LaunchScreen.xib */ = {
			isa = PBXVariantGroup;
			children = (
				C7249D641B33C46E009C448C /* Base */,
			);
			name = LaunchScreen.xib;
			sourceTree = "<group>";
		};
/* End PBXVariantGroup section */

/* Begin XCBuildConfiguration section */
		C7249D721B33C46E009C448C /* Debug */ = {
			isa = XCBuildConfiguration;
			buildSettings = {
				ALWAYS_SEARCH_USER_PATHS = NO;
				CLANG_CXX_LANGUAGE_STANDARD = "gnu++0x";
				CLANG_CXX_LIBRARY = "libc++";
				CLANG_ENABLE_MODULES = YES;
				CLANG_ENABLE_OBJC_ARC = YES;
				CLANG_WARN_BOOL_CONVERSION = YES;
				CLANG_WARN_CONSTANT_CONVERSION = YES;
				CLANG_WARN_DIRECT_OBJC_ISA_USAGE = YES_ERROR;
				CLANG_WARN_EMPTY_BODY = YES;
				CLANG_WARN_ENUM_CONVERSION = YES;
				CLANG_WARN_INT_CONVERSION = YES;
				CLANG_WARN_OBJC_ROOT_CLASS = YES_ERROR;
				CLANG_WARN_UNREACHABLE_CODE = YES;
				CLANG_WARN__DUPLICATE_METHOD_MATCH = YES;
				"CODE_SIGN_IDENTITY[sdk=iphoneos*]" = "iPhone Developer";
				COPY_PHASE_STRIP = NO;
				DEBUG_INFORMATION_FORMAT = "dwarf-with-dsym";
				ENABLE_STRICT_OBJC_MSGSEND = YES;
				GCC_C_LANGUAGE_STANDARD = gnu99;
				GCC_DYNAMIC_NO_PIC = NO;
				GCC_NO_COMMON_BLOCKS = YES;
				GCC_OPTIMIZATION_LEVEL = 0;
				GCC_PREPROCESSOR_DEFINITIONS = (
					"DEBUG=1",
					"$(inherited)",
				);
				GCC_SYMBOLS_PRIVATE_EXTERN = NO;
				GCC_WARN_64_TO_32_BIT_CONVERSION = YES;
				GCC_WARN_ABOUT_RETURN_TYPE = YES_ERROR;
				GCC_WARN_UNDECLARED_SELECTOR = YES;
				GCC_WARN_UNINITIALIZED_AUTOS = YES_AGGRESSIVE;
				GCC_WARN_UNUSED_FUNCTION = YES;
				GCC_WARN_UNUSED_VARIABLE = YES;
				IPHONEOS_DEPLOYMENT_TARGET = 8.3;
				MTL_ENABLE_DEBUG_INFO = YES;
				ONLY_ACTIVE_ARCH = YES;
				SDKROOT = iphoneos;
				TARGETED_DEVICE_FAMILY = "1,2";
			};
			name = Debug;
		};
		C7249D731B33C46E009C448C /* Release */ = {
			isa = XCBuildConfiguration;
			buildSettings = {
				ALWAYS_SEARCH_USER_PATHS = NO;
				CLANG_CXX_LANGUAGE_STANDARD = "gnu++0x";
				CLANG_CXX_LIBRARY = "libc++";
				CLANG_ENABLE_MODULES = YES;
				CLANG_ENABLE_OBJC_ARC = YES;
				CLANG_WARN_BOOL_CONVERSION = YES;
				CLANG_WARN_CONSTANT_CONVERSION = YES;
				CLANG_WARN_DIRECT_OBJC_ISA_USAGE = YES_ERROR;
				CLANG_WARN_EMPTY_BODY = YES;
				CLANG_WARN_ENUM_CONVERSION = YES;
				CLANG_WARN_INT_CONVERSION = YES;
				CLANG_WARN_OBJC_ROOT_CLASS = YES_ERROR;
				CLANG_WARN_UNREACHABLE_CODE = YES;
				CLANG_WARN__DUPLICATE_METHOD_MATCH = YES;
				"CODE_SIGN_IDENTITY[sdk=iphoneos*]" = "iPhone Developer";
				COPY_PHASE_STRIP = NO;
				DEBUG_INFORMATION_FORMAT = "dwarf-with-dsym";
				ENABLE_NS_ASSERTIONS = NO;
				ENABLE_STRICT_OBJC_MSGSEND = YES;
				GCC_C_LANGUAGE_STANDARD = gnu99;
				GCC_NO_COMMON_BLOCKS = YES;
				GCC_WARN_64_TO_32_BIT_CONVERSION = YES;
				GCC_WARN_ABOUT_RETURN_TYPE = YES_ERROR;
				GCC_WARN_UNDECLARED_SELECTOR = YES;
				GCC_WARN_UNINITIALIZED_AUTOS = YES_AGGRESSIVE;
				GCC_WARN_UNUSED_FUNCTION = YES;
				GCC_WARN_UNUSED_VARIABLE = YES;
				IPHONEOS_DEPLOYMENT_TARGET = 8.3;
				MTL_ENABLE_DEBUG_INFO = NO;
				SDKROOT = iphoneos;
				TARGETED_DEVICE_FAMILY = "1,2";
				VALIDATE_PRODUCT = YES;
			};
			name = Release;
		};
		C7249D751B33C46E009C448C /* Debug */ = {
			isa = XCBuildConfiguration;
			baseConfigurationReference = C8E33FE7688BD8C629BEE673 /* Pods.debug.xcconfig */;
			buildSettings = {
				ASSETCATALOG_COMPILER_APPICON_NAME = AppIcon;
				CODE_SIGN_IDENTITY = "iPhone Developer";
				"CODE_SIGN_IDENTITY[sdk=iphoneos*]" = "iPhone Developer";
				FRAMEWORK_SEARCH_PATHS = (
					/Users/fuyaozhishang/Downloads,
					/Users/fullteck/Downloads,
					/Users/zhaoyongjie/Desktop,
				);
				INFOPLIST_FILE = "口袋专家/Info.plist";
				LD_RUNPATH_SEARCH_PATHS = "$(inherited) @executable_path/Frameworks";
				PRODUCT_NAME = "$(TARGET_NAME)";
				PROVISIONING_PROFILE = "";
				TARGETED_DEVICE_FAMILY = 1;
				USER_HEADER_SEARCH_PATHS = "${SRCROOT}/**";
			};
			name = Debug;
		};
		C7249D761B33C46E009C448C /* Release */ = {
			isa = XCBuildConfiguration;
			baseConfigurationReference = C91EDF832B0BDB2B511AF0A6 /* Pods.release.xcconfig */;
			buildSettings = {
				ASSETCATALOG_COMPILER_APPICON_NAME = AppIcon;
				CODE_SIGN_IDENTITY = "iPhone Developer";
				"CODE_SIGN_IDENTITY[sdk=iphoneos*]" = "iPhone Developer";
				FRAMEWORK_SEARCH_PATHS = (
					/Users/fuyaozhishang/Downloads,
					/Users/fullteck/Downloads,
					/Users/zhaoyongjie/Desktop,
				);
				INFOPLIST_FILE = "口袋专家/Info.plist";
				LD_RUNPATH_SEARCH_PATHS = "$(inherited) @executable_path/Frameworks";
				PRODUCT_NAME = "$(TARGET_NAME)";
				PROVISIONING_PROFILE = "";
				TARGETED_DEVICE_FAMILY = 1;
				USER_HEADER_SEARCH_PATHS = "${SRCROOT}/**";
			};
			name = Release;
		};
		C7249D781B33C46E009C448C /* Debug */ = {
			isa = XCBuildConfiguration;
			buildSettings = {
				BUNDLE_LOADER = "$(TEST_HOST)";
				FRAMEWORK_SEARCH_PATHS = (
					"$(SDKROOT)/Developer/Library/Frameworks",
					"$(inherited)",
				);
				GCC_PREPROCESSOR_DEFINITIONS = (
					"DEBUG=1",
					"$(inherited)",
				);
				INFOPLIST_FILE = "口袋专家Tests/Info.plist";
				LD_RUNPATH_SEARCH_PATHS = "$(inherited) @executable_path/Frameworks @loader_path/Frameworks";
				PRODUCT_NAME = "$(TARGET_NAME)";
				TEST_HOST = "$(BUILT_PRODUCTS_DIR)/口袋专家.app/口袋专家";
			};
			name = Debug;
		};
		C7249D791B33C46E009C448C /* Release */ = {
			isa = XCBuildConfiguration;
			buildSettings = {
				BUNDLE_LOADER = "$(TEST_HOST)";
				FRAMEWORK_SEARCH_PATHS = (
					"$(SDKROOT)/Developer/Library/Frameworks",
					"$(inherited)",
				);
				INFOPLIST_FILE = "口袋专家Tests/Info.plist";
				LD_RUNPATH_SEARCH_PATHS = "$(inherited) @executable_path/Frameworks @loader_path/Frameworks";
				PRODUCT_NAME = "$(TARGET_NAME)";
				TEST_HOST = "$(BUILT_PRODUCTS_DIR)/口袋专家.app/口袋专家";
			};
			name = Release;
		};
/* End XCBuildConfiguration section */

/* Begin XCConfigurationList section */
		C7249D4C1B33C46E009C448C /* Build configuration list for PBXProject "口袋专家" */ = {
			isa = XCConfigurationList;
			buildConfigurations = (
				C7249D721B33C46E009C448C /* Debug */,
				C7249D731B33C46E009C448C /* Release */,
			);
			defaultConfigurationIsVisible = 0;
			defaultConfigurationName = Release;
		};
		C7249D741B33C46E009C448C /* Build configuration list for PBXNativeTarget "口袋专家" */ = {
			isa = XCConfigurationList;
			buildConfigurations = (
				C7249D751B33C46E009C448C /* Debug */,
				C7249D761B33C46E009C448C /* Release */,
			);
			defaultConfigurationIsVisible = 0;
			defaultConfigurationName = Release;
		};
		C7249D771B33C46E009C448C /* Build configuration list for PBXNativeTarget "口袋专家Tests" */ = {
			isa = XCConfigurationList;
			buildConfigurations = (
				C7249D781B33C46E009C448C /* Debug */,
				C7249D791B33C46E009C448C /* Release */,
			);
			defaultConfigurationIsVisible = 0;
			defaultConfigurationName = Release;
		};
/* End XCConfigurationList section */
	};
	rootObject = C7249D491B33C46E009C448C /* Project object */;
}
